// !$*UTF8*$!
{
	archiveVersion = 1;
	classes = {
	};
	objectVersion = 46;
	objects = {

/* Begin PBXBuildFile section */
		12B9316F1FC54532005FAF13 /* AppDelegate.swift in Sources */ = {isa = PBXBuildFile; fileRef = 12B9316E1FC54532005FAF13 /* AppDelegate.swift */; };
		12B931711FC54532005FAF13 /* ViewController.swift in Sources */ = {isa = PBXBuildFile; fileRef = 12B931701FC54532005FAF13 /* ViewController.swift */; };
		12B931741FC54532005FAF13 /* Main.storyboard in Resources */ = {isa = PBXBuildFile; fileRef = 12B931721FC54532005FAF13 /* Main.storyboard */; };
		12B931761FC54532005FAF13 /* Assets.xcassets in Resources */ = {isa = PBXBuildFile; fileRef = 12B931751FC54532005FAF13 /* Assets.xcassets */; };
		12B931791FC54532005FAF13 /* LaunchScreen.storyboard in Resources */ = {isa = PBXBuildFile; fileRef = 12B931771FC54532005FAF13 /* LaunchScreen.storyboard */; };
		12B931841FC54533005FAF13 /* SwiftDemoTests.swift in Sources */ = {isa = PBXBuildFile; fileRef = 12B931831FC54533005FAF13 /* SwiftDemoTests.swift */; };
		12B9318F1FC54533005FAF13 /* SwiftDemoUITests.swift in Sources */ = {isa = PBXBuildFile; fileRef = 12B9318E1FC54533005FAF13 /* SwiftDemoUITests.swift */; };
		12B9319D1FC553AE005FAF13 /* iPhone.png in Resources */ = {isa = PBXBuildFile; fileRef = 12B9319C1FC553AE005FAF13 /* iPhone.png */; };
/* End PBXBuildFile section */

/* Begin PBXContainerItemProxy section */
		12B931801FC54533005FAF13 /* PBXContainerItemProxy */ = {
			isa = PBXContainerItemProxy;
			containerPortal = 12B931631FC54532005FAF13 /* Project object */;
			proxyType = 1;
			remoteGlobalIDString = 12B9316A1FC54532005FAF13;
			remoteInfo = SwiftDemo;
		};
		12B9318B1FC54533005FAF13 /* PBXContainerItemProxy */ = {
			isa = PBXContainerItemProxy;
			containerPortal = 12B931631FC54532005FAF13 /* Project object */;
			proxyType = 1;
			remoteGlobalIDString = 12B9316A1FC54532005FAF13;
			remoteInfo = SwiftDemo;
		};
/* End PBXContainerItemProxy section */

/* Begin PBXFileReference section */
		12B9316B1FC54532005FAF13 /* SwiftDemo.app */ = {isa = PBXFileReference; explicitFileType = wrapper.application; includeInIndex = 0; path = SwiftDemo.app; sourceTree = BUILT_PRODUCTS_DIR; };
		12B9316E1FC54532005FAF13 /* AppDelegate.swift */ = {isa = PBXFileReference; lastKnownFileType = sourcecode.swift; path = AppDelegate.swift; sourceTree = "<group>"; };
		12B931701FC54532005FAF13 /* ViewController.swift */ = {isa = PBXFileReference; lastKnownFileType = sourcecode.swift; path = ViewController.swift; sourceTree = "<group>"; };
		12B931731FC54532005FAF13 /* Base */ = {isa = PBXFileReference; lastKnownFileType = file.storyboard; name = Base; path = Base.lproj/Main.storyboard; sourceTree = "<group>"; };
		12B931751FC54532005FAF13 /* Assets.xcassets */ = {isa = PBXFileReference; lastKnownFileType = folder.assetcatalog; path = Assets.xcassets; sourceTree = "<group>"; };
		12B931781FC54532005FAF13 /* Base */ = {isa = PBXFileReference; lastKnownFileType = file.storyboard; name = Base; path = Base.lproj/LaunchScreen.storyboard; sourceTree = "<group>"; };
		12B9317A1FC54532005FAF13 /* Info.plist */ = {isa = PBXFileReference; lastKnownFileType = text.plist.xml; path = Info.plist; sourceTree = "<group>"; };
		12B9317F1FC54533005FAF13 /* SwiftDemoTests.xctest */ = {isa = PBXFileReference; explicitFileType = wrapper.cfbundle; includeInIndex = 0; path = SwiftDemoTests.xctest; sourceTree = BUILT_PRODUCTS_DIR; };
		12B931831FC54533005FAF13 /* SwiftDemoTests.swift */ = {isa = PBXFileReference; lastKnownFileType = sourcecode.swift; path = SwiftDemoTests.swift; sourceTree = "<group>"; };
		12B931851FC54533005FAF13 /* Info.plist */ = {isa = PBXFileReference; lastKnownFileType = text.plist.xml; path = Info.plist; sourceTree = "<group>"; };
		12B9318A1FC54533005FAF13 /* SwiftDemoUITests.xctest */ = {isa = PBXFileReference; explicitFileType = wrapper.cfbundle; includeInIndex = 0; path = SwiftDemoUITests.xctest; sourceTree = BUILT_PRODUCTS_DIR; };
		12B9318E1FC54533005FAF13 /* SwiftDemoUITests.swift */ = {isa = PBXFileReference; lastKnownFileType = sourcecode.swift; path = SwiftDemoUITests.swift; sourceTree = "<group>"; };
		12B931901FC54533005FAF13 /* Info.plist */ = {isa = PBXFileReference; lastKnownFileType = text.plist.xml; path = Info.plist; sourceTree = "<group>"; };
		12B9319C1FC553AE005FAF13 /* iPhone.png */ = {isa = PBXFileReference; lastKnownFileType = image.png; path = iPhone.png; sourceTree = "<group>"; };
/* End PBXFileReference section */

/* Begin PBXFrameworksBuildPhase section */
		12B931681FC54532005FAF13 /* Frameworks */ = {
			isa = PBXFrameworksBuildPhase;
			buildActionMask = 2147483647;
			files = (
			);
			runOnlyForDeploymentPostprocessing = 0;
		};
		12B9317C1FC54533005FAF13 /* Frameworks */ = {
			isa = PBXFrameworksBuildPhase;
			buildActionMask = 2147483647;
			files = (
			);
			runOnlyForDeploymentPostprocessing = 0;
		};
		12B931871FC54533005FAF13 /* Frameworks */ = {
			isa = PBXFrameworksBuildPhase;
			buildActionMask = 2147483647;
			files = (
			);
			runOnlyForDeploymentPostprocessing = 0;
		};
/* End PBXFrameworksBuildPhase section */

/* Begin PBXGroup section */
		12B931621FC54532005FAF13 = {
			isa = PBXGroup;
			children = (
				12B9316D1FC54532005FAF13 /* SwiftDemo */,
				12B931821FC54533005FAF13 /* SwiftDemoTests */,
				12B9318D1FC54533005FAF13 /* SwiftDemoUITests */,
				12B9316C1FC54532005FAF13 /* Products */,
			);
			sourceTree = "<group>";
		};
		12B9316C1FC54532005FAF13 /* Products */ = {
			isa = PBXGroup;
			children = (
				12B9316B1FC54532005FAF13 /* SwiftDemo.app */,
				12B9317F1FC54533005FAF13 /* SwiftDemoTests.xctest */,
				12B9318A1FC54533005FAF13 /* SwiftDemoUITests.xctest */,
			);
			name = Products;
			sourceTree = "<group>";
		};
		12B9316D1FC54532005FAF13 /* SwiftDemo */ = {
			isa = PBXGroup;
			children = (
				12B9319C1FC553AE005FAF13 /* iPhone.png */,
				12B9316E1FC54532005FAF13 /* AppDelegate.swift */,
				12B931701FC54532005FAF13 /* ViewController.swift */,
				12B931721FC54532005FAF13 /* Main.storyboard */,
				12B931751FC54532005FAF13 /* Assets.xcassets */,
				12B931771FC54532005FAF13 /* LaunchScreen.storyboard */,
				12B9317A1FC54532005FAF13 /* Info.plist */,
			);
			path = SwiftDemo;
			sourceTree = "<group>";
		};
		12B931821FC54533005FAF13 /* SwiftDemoTests */ = {
			isa = PBXGroup;
			children = (
				12B931831FC54533005FAF13 /* SwiftDemoTests.swift */,
				12B931851FC54533005FAF13 /* Info.plist */,
			);
			path = SwiftDemoTests;
			sourceTree = "<group>";
		};
		12B9318D1FC54533005FAF13 /* SwiftDemoUITests */ = {
			isa = PBXGroup;
			children = (
				12B9318E1FC54533005FAF13 /* SwiftDemoUITests.swift */,
				12B931901FC54533005FAF13 /* Info.plist */,
			);
			path = SwiftDemoUITests;
			sourceTree = "<group>";
		};
/* End PBXGroup section */

/* Begin PBXNativeTarget section */
		12B9316A1FC54532005FAF13 /* SwiftDemo */ = {
			isa = PBXNativeTarget;
			buildConfigurationList = 12B931931FC54533005FAF13 /* Build configuration list for PBXNativeTarget "SwiftDemo" */;
			buildPhases = (
				12B931671FC54532005FAF13 /* Sources */,
				12B931681FC54532005FAF13 /* Frameworks */,
				12B931691FC54532005FAF13 /* Resources */,
			);
			buildRules = (
			);
			dependencies = (
			);
			name = SwiftDemo;
			productName = SwiftDemo;
			productReference = 12B9316B1FC54532005FAF13 /* SwiftDemo.app */;
			productType = "com.apple.product-type.application";
		};
		12B9317E1FC54533005FAF13 /* SwiftDemoTests */ = {
			isa = PBXNativeTarget;
			buildConfigurationList = 12B931961FC54533005FAF13 /* Build configuration list for PBXNativeTarget "SwiftDemoTests" */;
			buildPhases = (
				12B9317B1FC54533005FAF13 /* Sources */,
				12B9317C1FC54533005FAF13 /* Frameworks */,
				12B9317D1FC54533005FAF13 /* Resources */,
			);
			buildRules = (
			);
			dependencies = (
				12B931811FC54533005FAF13 /* PBXTargetDependency */,
			);
			name = SwiftDemoTests;
			productName = SwiftDemoTests;
			productReference = 12B9317F1FC54533005FAF13 /* SwiftDemoTests.xctest */;
			productType = "com.apple.product-type.bundle.unit-test";
		};
		12B931891FC54533005FAF13 /* SwiftDemoUITests */ = {
			isa = PBXNativeTarget;
			buildConfigurationList = 12B931991FC54533005FAF13 /* Build configuration list for PBXNativeTarget "SwiftDemoUITests" */;
			buildPhases = (
				12B931861FC54533005FAF13 /* Sources */,
				12B931871FC54533005FAF13 /* Frameworks */,
				12B931881FC54533005FAF13 /* Resources */,
			);
			buildRules = (
			);
			dependencies = (
				12B9318C1FC54533005FAF13 /* PBXTargetDependency */,
			);
			name = SwiftDemoUITests;
			productName = SwiftDemoUITests;
			productReference = 12B9318A1FC54533005FAF13 /* SwiftDemoUITests.xctest */;
			productType = "com.apple.product-type.bundle.ui-testing";
		};
/* End PBXNativeTarget section */

/* Begin PBXProject section */
		12B931631FC54532005FAF13 /* Project object */ = {
			isa = PBXProject;
			attributes = {
				LastSwiftUpdateCheck = 0800;
				LastUpgradeCheck = 0800;
				ORGANIZATIONNAME = bhumesh;
				TargetAttributes = {
					12B9316A1FC54532005FAF13 = {
						CreatedOnToolsVersion = 8.0;
						ProvisioningStyle = Automatic;
					};
					12B9317E1FC54533005FAF13 = {
						CreatedOnToolsVersion = 8.0;
						ProvisioningStyle = Automatic;
						TestTargetID = 12B9316A1FC54532005FAF13;
					};
					12B931891FC54533005FAF13 = {
						CreatedOnToolsVersion = 8.0;
						ProvisioningStyle = Automatic;
						TestTargetID = 12B9316A1FC54532005FAF13;
					};
				};
			};
			buildConfigurationList = 12B931661FC54532005FAF13 /* Build configuration list for PBXProject "SwiftDemo" */;
			compatibilityVersion = "Xcode 3.2";
			developmentRegion = English;
			hasScannedForEncodings = 0;
			knownRegions = (
				en,
				Base,
			);
			mainGroup = 12B931621FC54532005FAF13;
			productRefGroup = 12B9316C1FC54532005FAF13 /* Products */;
			projectDirPath = "";
			projectRoot = "";
			targets = (
				12B9316A1FC54532005FAF13 /* SwiftDemo */,
				12B9317E1FC54533005FAF13 /* SwiftDemoTests */,
				12B931891FC54533005FAF13 /* SwiftDemoUITests */,
			);
		};
/* End PBXProject section */

/* Begin PBXResourcesBuildPhase section */
		12B931691FC54532005FAF13 /* Resources */ = {
			isa = PBXResourcesBuildPhase;
			buildActionMask = 2147483647;
			files = (
				12B931791FC54532005FAF13 /* LaunchScreen.storyboard in Resources */,
				12B931761FC54532005FAF13 /* Assets.xcassets in Resources */,
				12B931741FC54532005FAF13 /* Main.storyboard in Resources */,
				12B9319D1FC553AE005FAF13 /* iPhone.png in Resources */,
			);
			runOnlyForDeploymentPostprocessing = 0;
		};
		12B9317D1FC54533005FAF13 /* Resources */ = {
			isa = PBXResourcesBuildPhase;
			buildActionMask = 2147483647;
			files = (
			);
			runOnlyForDeploymentPostprocessing = 0;
		};
		12B931881FC54533005FAF13 /* Resources */ = {
			isa = PBXResourcesBuildPhase;
			buildActionMask = 2147483647;
			files = (
			);
			runOnlyForDeploymentPostprocessing = 0;
		};
/* End PBXResourcesBuildPhase section */

/* Begin PBXSourcesBuildPhase section */
		12B931671FC54532005FAF13 /* Sources */ = {
			isa = PBXSourcesBuildPhase;
			buildActionMask = 2147483647;
			files = (
				12B931711FC54532005FAF13 /* ViewController.swift in Sources */,
				12B9316F1FC54532005FAF13 /* AppDelegate.swift in Sources */,
			);
			runOnlyForDeploymentPostprocessing = 0;
		};
		12B9317B1FC54533005FAF13 /* Sources */ = {
			isa = PBXSourcesBuildPhase;
			buildActionMask = 2147483647;
			files = (
				12B931841FC54533005FAF13 /* SwiftDemoTests.swift in Sources */,
			);
			runOnlyForDeploymentPostprocessing = 0;
		};
		12B931861FC54533005FAF13 /* Sources */ = {
			isa = PBXSourcesBuildPhase;
			buildActionMask = 2147483647;
			files = (
				12B9318F1FC54533005FAF13 /* SwiftDemoUITests.swift in Sources */,
			);
			runOnlyForDeploymentPostprocessing = 0;
		};
/* End PBXSourcesBuildPhase section */

/* Begin PBXTargetDependency section */
		12B931811FC54533005FAF13 /* PBXTargetDependency */ = {
			isa = PBXTargetDependency;
			target = 12B9316A1FC54532005FAF13 /* SwiftDemo */;
			targetProxy = 12B931801FC54533005FAF13 /* PBXContainerItemProxy */;
		};
		12B9318C1FC54533005FAF13 /* PBXTargetDependency */ = {
			isa = PBXTargetDependency;
			target = 12B9316A1FC54532005FAF13 /* SwiftDemo */;
			targetProxy = 12B9318B1FC54533005FAF13 /* PBXContainerItemProxy */;
		};
/* End PBXTargetDependency section */

/* Begin PBXVariantGroup section */
		12B931721FC54532005FAF13 /* Main.storyboard */ = {
			isa = PBXVariantGroup;
			children = (
				12B931731FC54532005FAF13 /* Base */,
			);
			name = Main.storyboard;
			sourceTree = "<group>";
		};
		12B931771FC54532005FAF13 /* LaunchScreen.storyboard */ = {
			isa = PBXVariantGroup;
			children = (
				12B931781FC54532005FAF13 /* Base */,
			);
			name = LaunchScreen.storyboard;
			sourceTree = "<group>";
		};
/* End PBXVariantGroup section */

/* Begin XCBuildConfiguration section */
		12B931911FC54533005FAF13 /* Debug */ = {
			isa = XCBuildConfiguration;
			buildSettings = {
				ALWAYS_SEARCH_USER_PATHS = NO;
				CLANG_ANALYZER_NONNULL = YES;
				CLANG_CXX_LANGUAGE_STANDARD = "gnu++0x";
				CLANG_CXX_LIBRARY = "libc++";
				CLANG_ENABLE_MODULES = YES;
				CLANG_ENABLE_OBJC_ARC = YES;
				CLANG_WARN_BOOL_CONVERSION = YES;
				CLANG_WARN_CONSTANT_CONVERSION = YES;
				CLANG_WARN_DIRECT_OBJC_ISA_USAGE = YES_ERROR;
				CLANG_WARN_DOCUMENTATION_COMMENTS = YES;
				CLANG_WARN_EMPTY_BODY = YES;
				CLANG_WARN_ENUM_CONVERSION = YES;
				CLANG_WARN_INFINITE_RECURSION = YES;
				CLANG_WARN_INT_CONVERSION = YES;
				CLANG_WARN_OBJC_ROOT_CLASS = YES_ERROR;
				CLANG_WARN_SUSPICIOUS_MOVES = YES;
				CLANG_WARN_UNREACHABLE_CODE = YES;
				CLANG_WARN__DUPLICATE_METHOD_MATCH = YES;
				"CODE_SIGN_IDENTITY[sdk=iphoneos*]" = "iPhone Developer";
				COPY_PHASE_STRIP = NO;
				DEBUG_INFORMATION_FORMAT = dwarf;
				ENABLE_STRICT_OBJC_MSGSEND = YES;
				ENABLE_TESTABILITY = YES;
				GCC_C_LANGUAGE_STANDARD = gnu99;
				GCC_DYNAMIC_NO_PIC = NO;
				GCC_NO_COMMON_BLOCKS = YES;
				GCC_OPTIMIZATION_LEVEL = 0;
				GCC_PREPROCESSOR_DEFINITIONS = (
					"DEBUG=1",
					"$(inherited)",
				);
				GCC_WARN_64_TO_32_BIT_CONVERSION = YES;
				GCC_WARN_ABOUT_RETURN_TYPE = YES_ERROR;
				GCC_WARN_UNDECLARED_SELECTOR = YES;
				GCC_WARN_UNINITIALIZED_AUTOS = YES_AGGRESSIVE;
				GCC_WARN_UNUSED_FUNCTION = YES;
				GCC_WARN_UNUSED_VARIABLE = YES;
				IPHONEOS_DEPLOYMENT_TARGET = 10.0;
				MTL_ENABLE_DEBUG_INFO = YES;
				ONLY_ACTIVE_ARCH = YES;
				SDKROOT = iphoneos;
				SWIFT_ACTIVE_COMPILATION_CONDITIONS = DEBUG;
				SWIFT_OPTIMIZATION_LEVEL = "-Onone";
			};
			name = Debug;
		};
		12B931921FC54533005FAF13 /* Release */ = {
			isa = XCBuildConfiguration;
			buildSettings = {
				ALWAYS_SEARCH_USER_PATHS = NO;
				CLANG_ANALYZER_NONNULL = YES;
				CLANG_CXX_LANGUAGE_STANDARD = "gnu++0x";
				CLANG_CXX_LIBRARY = "libc++";
				CLANG_ENABLE_MODULES = YES;
				CLANG_ENABLE_OBJC_ARC = YES;
				CLANG_WARN_BOOL_CONVERSION = YES;
				CLANG_WARN_CONSTANT_CONVERSION = YES;
				CLANG_WARN_DIRECT_OBJC_ISA_USAGE = YES_ERROR;
				CLANG_WARN_DOCUMENTATION_COMMENTS = YES;
				CLANG_WARN_EMPTY_BODY = YES;
				CLANG_WARN_ENUM_CONVERSION = YES;
				CLANG_WARN_INFINITE_RECURSION = YES;
				CLANG_WARN_INT_CONVERSION = YES;
				CLANG_WARN_OBJC_ROOT_CLASS = YES_ERROR;
				CLANG_WARN_SUSPICIOUS_MOVES = YES;
				CLANG_WARN_UNREACHABLE_CODE = YES;
				CLANG_WARN__DUPLICATE_METHOD_MATCH = YES;
				"CODE_SIGN_IDENTITY[sdk=iphoneos*]" = "iPhone Developer";
				COPY_PHASE_STRIP = NO;
				DEBUG_INFORMATION_FORMAT = "dwarf-with-dsym";
				ENABLE_NS_ASSERTIONS = NO;
				ENABLE_STRICT_OBJC_MSGSEND = YES;
				GCC_C_LANGUAGE_STANDARD = gnu99;
				GCC_NO_COMMON_BLOCKS = YES;
				GCC_WARN_64_TO_32_BIT_CONVERSION = YES;
				GCC_WARN_ABOUT_RETURN_TYPE = YES_ERROR;
				GCC_WARN_UNDECLARED_SELECTOR = YES;
				GCC_WARN_UNINITIALIZED_AUTOS = YES_AGGRESSIVE;
				GCC_WARN_UNUSED_FUNCTION = YES;
				GCC_WARN_UNUSED_VARIABLE = YES;
				IPHONEOS_DEPLOYMENT_TARGET = 10.0;
				MTL_ENABLE_DEBUG_INFO = NO;
				SDKROOT = iphoneos;
				SWIFT_OPTIMIZATION_LEVEL = "-Owholemodule";
				VALIDATE_PRODUCT = YES;
			};
			name = Release;
		};
		12B931941FC54533005FAF13 /* Debug */ = {
			isa = XCBuildConfiguration;
			buildSettings = {
				ASSETCATALOG_COMPILER_APPICON_NAME = AppIcon;
				INFOPLIST_FILE = SwiftDemo/Info.plist;
				LD_RUNPATH_SEARCH_PATHS = "$(inherited) @executable_path/Frameworks";
				PRODUCT_BUNDLE_IDENTIFIER = com.zaptechsolutions.SwiftDemo;
				PRODUCT_NAME = "$(TARGET_NAME)";
				SWIFT_VERSION = 3.0;
			};
			name = Debug;
		};
		12B931951FC54533005FAF13 /* Release */ = {
			isa = XCBuildConfiguration;
			buildSettings = {
				ASSETCATALOG_COMPILER_APPICON_NAME = AppIcon;
				INFOPLIST_FILE = SwiftDemo/Info.plist;
				LD_RUNPATH_SEARCH_PATHS = "$(inherited) @executable_path/Frameworks";
				PRODUCT_BUNDLE_IDENTIFIER = com.zaptechsolutions.SwiftDemo;
				PRODUCT_NAME = "$(TARGET_NAME)";
				SWIFT_VERSION = 3.0;
			};
			name = Release;
		};
		12B931971FC54533005FAF13 /* Debug */ = {
			isa = XCBuildConfiguration;
			buildSettings = {
				ALWAYS_EMBED_SWIFT_STANDARD_LIBRARIES = YES;
				BUNDLE_LOADER = "$(TEST_HOST)";
				INFOPLIST_FILE = SwiftDemoTests/Info.plist;
				LD_RUNPATH_SEARCH_PATHS = "$(inherited) @executable_path/Frameworks @loader_path/Frameworks";
				PRODUCT_BUNDLE_IDENTIFIER = com.zaptechsolutions.SwiftDemoTests;
				PRODUCT_NAME = "$(TARGET_NAME)";
				SWIFT_VERSION = 3.0;
				TEST_HOST = "$(BUILT_PRODUCTS_DIR)/SwiftDemo.app/SwiftDemo";
			};
			name = Debug;
		};
		12B931981FC54533005FAF13 /* Release */ = {
			isa = XCBuildConfiguration;
			buildSettings = {
				ALWAYS_EMBED_SWIFT_STANDARD_LIBRARIES = YES;
				BUNDLE_LOADER = "$(TEST_HOST)";
				INFOPLIST_FILE = SwiftDemoTests/Info.plist;
				LD_RUNPATH_SEARCH_PATHS = "$(inherited) @executable_path/Frameworks @loader_path/Frameworks";
				PRODUCT_BUNDLE_IDENTIFIER = com.zaptechsolutions.SwiftDemoTests;
				PRODUCT_NAME = "$(TARGET_NAME)";
				SWIFT_VERSION = 3.0;
				TEST_HOST = "$(BUILT_PRODUCTS_DIR)/SwiftDemo.app/SwiftDemo";
			};
			name = Release;
		};
		12B9319A1FC54533005FAF13 /* Debug */ = {
			isa = XCBuildConfiguration;
			buildSettings = {
				ALWAYS_EMBED_SWIFT_STANDARD_LIBRARIES = YES;
				INFOPLIST_FILE = SwiftDemoUITests/Info.plist;
				LD_RUNPATH_SEARCH_PATHS = "$(inherited) @executable_path/Frameworks @loader_path/Frameworks";
				PRODUCT_BUNDLE_IDENTIFIER = com.zaptechsolutions.SwiftDemoUITests;
				PRODUCT_NAME = "$(TARGET_NAME)";
				SWIFT_VERSION = 3.0;
				TEST_TARGET_NAME = SwiftDemo;
			};
			name = Debug;
		};
		12B9319B1FC54533005FAF13 /* Release */ = {
			isa = XCBuildConfiguration;
			buildSettings = {
				ALWAYS_EMBED_SWIFT_STANDARD_LIBRARIES = YES;
				INFOPLIST_FILE = SwiftDemoUITests/Info.plist;
				LD_RUNPATH_SEARCH_PATHS = "$(inherited) @executable_path/Frameworks @loader_path/Frameworks";
				PRODUCT_BUNDLE_IDENTIFIER = com.zaptechsolutions.SwiftDemoUITests;
				PRODUCT_NAME = "$(TARGET_NAME)";
				SWIFT_VERSION = 3.0;
				TEST_TARGET_NAME = SwiftDemo;
			};
			name = Release;
		};
/* End XCBuildConfiguration section */

/* Begin XCConfigurationList section */
		12B931661FC54532005FAF13 /* Build configuration list for PBXProject "SwiftDemo" */ = {
			isa = XCConfigurationList;
			buildConfigurations = (
				12B931911FC54533005FAF13 /* Debug */,
				12B931921FC54533005FAF13 /* Release */,
			);
			defaultConfigurationIsVisible = 0;
			defaultConfigurationName = Release;
		};
		12B931931FC54533005FAF13 /* Build configuration list for PBXNativeTarget "SwiftDemo" */ = {
			isa = XCConfigurationList;
			buildConfigurations = (
				12B931941FC54533005FAF13 /* Debug */,
				12B931951FC54533005FAF13 /* Release */,
			);
			defaultConfigurationIsVisible = 0;
		};
		12B931961FC54533005FAF13 /* Build configuration list for PBXNativeTarget "SwiftDemoTests" */ = {
			isa = XCConfigurationList;
			buildConfigurations = (
				12B931971FC54533005FAF13 /* Debug */,
				12B931981FC54533005FAF13 /* Release */,
			);
			defaultConfigurationIsVisible = 0;
		};
		12B931991FC54533005FAF13 /* Build configuration list for PBXNativeTarget "SwiftDemoUITests" */ = {
			isa = XCConfigurationList;
			buildConfigurations = (
				12B9319A1FC54533005FAF13 /* Debug */,
				12B9319B1FC54533005FAF13 /* Release */,
			);
			defaultConfigurationIsVisible = 0;
		};
/* End XCConfigurationList section */
	};
	rootObject = 12B931631FC54532005FAF13 /* Project object */;
}
