// !$*UTF8*$!
{
	archiveVersion = 1;
	classes = {
	};
	objectVersion = 46;
	objects = {

/* Begin PBXBuildFile section */
		120F529D1FCD7A550026FB05 /* AppDelegate.swift in Sources */ = {isa = PBXBuildFile; fileRef = 120F529C1FCD7A550026FB05 /* AppDelegate.swift */; };
		120F529F1FCD7A550026FB05 /* ViewController.swift in Sources */ = {isa = PBXBuildFile; fileRef = 120F529E1FCD7A550026FB05 /* ViewController.swift */; };
		120F52A21FCD7A550026FB05 /* Main.storyboard in Resources */ = {isa = PBXBuildFile; fileRef = 120F52A01FCD7A550026FB05 /* Main.storyboard */; };
		120F52A41FCD7A550026FB05 /* Assets.xcassets in Resources */ = {isa = PBXBuildFile; fileRef = 120F52A31FCD7A550026FB05 /* Assets.xcassets */; };
		120F52A71FCD7A550026FB05 /* LaunchScreen.storyboard in Resources */ = {isa = PBXBuildFile; fileRef = 120F52A51FCD7A550026FB05 /* LaunchScreen.storyboard */; };
		120F52B21FCD7A550026FB05 /* PageViewControllerTests.swift in Sources */ = {isa = PBXBuildFile; fileRef = 120F52B11FCD7A550026FB05 /* PageViewControllerTests.swift */; };
		120F52BD1FCD7A550026FB05 /* PageViewControllerUITests.swift in Sources */ = {isa = PBXBuildFile; fileRef = 120F52BC1FCD7A550026FB05 /* PageViewControllerUITests.swift */; };
/* End PBXBuildFile section */

/* Begin PBXContainerItemProxy section */
		120F52AE1FCD7A550026FB05 /* PBXContainerItemProxy */ = {
			isa = PBXContainerItemProxy;
			containerPortal = 120F52911FCD7A550026FB05 /* Project object */;
			proxyType = 1;
			remoteGlobalIDString = 120F52981FCD7A550026FB05;
			remoteInfo = PageViewController;
		};
		120F52B91FCD7A550026FB05 /* PBXContainerItemProxy */ = {
			isa = PBXContainerItemProxy;
			containerPortal = 120F52911FCD7A550026FB05 /* Project object */;
			proxyType = 1;
			remoteGlobalIDString = 120F52981FCD7A550026FB05;
			remoteInfo = PageViewController;
		};
/* End PBXContainerItemProxy section */

/* Begin PBXFileReference section */
		120F52991FCD7A550026FB05 /* PageViewController.app */ = {isa = PBXFileReference; explicitFileType = wrapper.application; includeInIndex = 0; path = PageViewController.app; sourceTree = BUILT_PRODUCTS_DIR; };
		120F529C1FCD7A550026FB05 /* AppDelegate.swift */ = {isa = PBXFileReference; lastKnownFileType = sourcecode.swift; path = AppDelegate.swift; sourceTree = "<group>"; };
		120F529E1FCD7A550026FB05 /* ViewController.swift */ = {isa = PBXFileReference; lastKnownFileType = sourcecode.swift; path = ViewController.swift; sourceTree = "<group>"; };
		120F52A11FCD7A550026FB05 /* Base */ = {isa = PBXFileReference; lastKnownFileType = file.storyboard; name = Base; path = Base.lproj/Main.storyboard; sourceTree = "<group>"; };
		120F52A31FCD7A550026FB05 /* Assets.xcassets */ = {isa = PBXFileReference; lastKnownFileType = folder.assetcatalog; path = Assets.xcassets; sourceTree = "<group>"; };
		120F52A61FCD7A550026FB05 /* Base */ = {isa = PBXFileReference; lastKnownFileType = file.storyboard; name = Base; path = Base.lproj/LaunchScreen.storyboard; sourceTree = "<group>"; };
		120F52A81FCD7A550026FB05 /* Info.plist */ = {isa = PBXFileReference; lastKnownFileType = text.plist.xml; path = Info.plist; sourceTree = "<group>"; };
		120F52AD1FCD7A550026FB05 /* PageViewControllerTests.xctest */ = {isa = PBXFileReference; explicitFileType = wrapper.cfbundle; includeInIndex = 0; path = PageViewControllerTests.xctest; sourceTree = BUILT_PRODUCTS_DIR; };
		120F52B11FCD7A550026FB05 /* PageViewControllerTests.swift */ = {isa = PBXFileReference; lastKnownFileType = sourcecode.swift; path = PageViewControllerTests.swift; sourceTree = "<group>"; };
		120F52B31FCD7A550026FB05 /* Info.plist */ = {isa = PBXFileReference; lastKnownFileType = text.plist.xml; path = Info.plist; sourceTree = "<group>"; };
		120F52B81FCD7A550026FB05 /* PageViewControllerUITests.xctest */ = {isa = PBXFileReference; explicitFileType = wrapper.cfbundle; includeInIndex = 0; path = PageViewControllerUITests.xctest; sourceTree = BUILT_PRODUCTS_DIR; };
		120F52BC1FCD7A550026FB05 /* PageViewControllerUITests.swift */ = {isa = PBXFileReference; lastKnownFileType = sourcecode.swift; path = PageViewControllerUITests.swift; sourceTree = "<group>"; };
		120F52BE1FCD7A550026FB05 /* Info.plist */ = {isa = PBXFileReference; lastKnownFileType = text.plist.xml; path = Info.plist; sourceTree = "<group>"; };
/* End PBXFileReference section */

/* Begin PBXFrameworksBuildPhase section */
		120F52961FCD7A550026FB05 /* Frameworks */ = {
			isa = PBXFrameworksBuildPhase;
			buildActionMask = 2147483647;
			files = (
			);
			runOnlyForDeploymentPostprocessing = 0;
		};
		120F52AA1FCD7A550026FB05 /* Frameworks */ = {
			isa = PBXFrameworksBuildPhase;
			buildActionMask = 2147483647;
			files = (
			);
			runOnlyForDeploymentPostprocessing = 0;
		};
		120F52B51FCD7A550026FB05 /* Frameworks */ = {
			isa = PBXFrameworksBuildPhase;
			buildActionMask = 2147483647;
			files = (
			);
			runOnlyForDeploymentPostprocessing = 0;
		};
/* End PBXFrameworksBuildPhase section */

/* Begin PBXGroup section */
		120F52901FCD7A550026FB05 = {
			isa = PBXGroup;
			children = (
				120F529B1FCD7A550026FB05 /* PageViewController */,
				120F52B01FCD7A550026FB05 /* PageViewControllerTests */,
				120F52BB1FCD7A550026FB05 /* PageViewControllerUITests */,
				120F529A1FCD7A550026FB05 /* Products */,
			);
			sourceTree = "<group>";
		};
		120F529A1FCD7A550026FB05 /* Products */ = {
			isa = PBXGroup;
			children = (
				120F52991FCD7A550026FB05 /* PageViewController.app */,
				120F52AD1FCD7A550026FB05 /* PageViewControllerTests.xctest */,
				120F52B81FCD7A550026FB05 /* PageViewControllerUITests.xctest */,
			);
			name = Products;
			sourceTree = "<group>";
		};
		120F529B1FCD7A550026FB05 /* PageViewController */ = {
			isa = PBXGroup;
			children = (
				120F529C1FCD7A550026FB05 /* AppDelegate.swift */,
				120F529E1FCD7A550026FB05 /* ViewController.swift */,
				120F52A01FCD7A550026FB05 /* Main.storyboard */,
				120F52A31FCD7A550026FB05 /* Assets.xcassets */,
				120F52A51FCD7A550026FB05 /* LaunchScreen.storyboard */,
				120F52A81FCD7A550026FB05 /* Info.plist */,
			);
			path = PageViewController;
			sourceTree = "<group>";
		};
		120F52B01FCD7A550026FB05 /* PageViewControllerTests */ = {
			isa = PBXGroup;
			children = (
				120F52B11FCD7A550026FB05 /* PageViewControllerTests.swift */,
				120F52B31FCD7A550026FB05 /* Info.plist */,
			);
			path = PageViewControllerTests;
			sourceTree = "<group>";
		};
		120F52BB1FCD7A550026FB05 /* PageViewControllerUITests */ = {
			isa = PBXGroup;
			children = (
				120F52BC1FCD7A550026FB05 /* PageViewControllerUITests.swift */,
				120F52BE1FCD7A550026FB05 /* Info.plist */,
			);
			path = PageViewControllerUITests;
			sourceTree = "<group>";
		};
/* End PBXGroup section */

/* Begin PBXNativeTarget section */
		120F52981FCD7A550026FB05 /* PageViewController */ = {
			isa = PBXNativeTarget;
			buildConfigurationList = 120F52C11FCD7A550026FB05 /* Build configuration list for PBXNativeTarget "PageViewController" */;
			buildPhases = (
				120F52951FCD7A550026FB05 /* Sources */,
				120F52961FCD7A550026FB05 /* Frameworks */,
				120F52971FCD7A550026FB05 /* Resources */,
			);
			buildRules = (
			);
			dependencies = (
			);
			name = PageViewController;
			productName = PageViewController;
			productReference = 120F52991FCD7A550026FB05 /* PageViewController.app */;
			productType = "com.apple.product-type.application";
		};
		120F52AC1FCD7A550026FB05 /* PageViewControllerTests */ = {
			isa = PBXNativeTarget;
			buildConfigurationList = 120F52C41FCD7A550026FB05 /* Build configuration list for PBXNativeTarget "PageViewControllerTests" */;
			buildPhases = (
				120F52A91FCD7A550026FB05 /* Sources */,
				120F52AA1FCD7A550026FB05 /* Frameworks */,
				120F52AB1FCD7A550026FB05 /* Resources */,
			);
			buildRules = (
			);
			dependencies = (
				120F52AF1FCD7A550026FB05 /* PBXTargetDependency */,
			);
			name = PageViewControllerTests;
			productName = PageViewControllerTests;
			productReference = 120F52AD1FCD7A550026FB05 /* PageViewControllerTests.xctest */;
			productType = "com.apple.product-type.bundle.unit-test";
		};
		120F52B71FCD7A550026FB05 /* PageViewControllerUITests */ = {
			isa = PBXNativeTarget;
			buildConfigurationList = 120F52C71FCD7A550026FB05 /* Build configuration list for PBXNativeTarget "PageViewControllerUITests" */;
			buildPhases = (
				120F52B41FCD7A550026FB05 /* Sources */,
				120F52B51FCD7A550026FB05 /* Frameworks */,
				120F52B61FCD7A550026FB05 /* Resources */,
			);
			buildRules = (
			);
			dependencies = (
				120F52BA1FCD7A550026FB05 /* PBXTargetDependency */,
			);
			name = PageViewControllerUITests;
			productName = PageViewControllerUITests;
			productReference = 120F52B81FCD7A550026FB05 /* PageViewControllerUITests.xctest */;
			productType = "com.apple.product-type.bundle.ui-testing";
		};
/* End PBXNativeTarget section */

/* Begin PBXProject section */
		120F52911FCD7A550026FB05 /* Project object */ = {
			isa = PBXProject;
			attributes = {
				LastSwiftUpdateCheck = 0800;
				LastUpgradeCheck = 0800;
				ORGANIZATIONNAME = bhumesh;
				TargetAttributes = {
					120F52981FCD7A550026FB05 = {
						CreatedOnToolsVersion = 8.0;
						ProvisioningStyle = Automatic;
					};
					120F52AC1FCD7A550026FB05 = {
						CreatedOnToolsVersion = 8.0;
						ProvisioningStyle = Automatic;
						TestTargetID = 120F52981FCD7A550026FB05;
					};
					120F52B71FCD7A550026FB05 = {
						CreatedOnToolsVersion = 8.0;
						ProvisioningStyle = Automatic;
						TestTargetID = 120F52981FCD7A550026FB05;
					};
				};
			};
			buildConfigurationList = 120F52941FCD7A550026FB05 /* Build configuration list for PBXProject "PageViewController" */;
			compatibilityVersion = "Xcode 3.2";
			developmentRegion = English;
			hasScannedForEncodings = 0;
			knownRegions = (
				en,
				Base,
			);
			mainGroup = 120F52901FCD7A550026FB05;
			productRefGroup = 120F529A1FCD7A550026FB05 /* Products */;
			projectDirPath = "";
			projectRoot = "";
			targets = (
				120F52981FCD7A550026FB05 /* PageViewController */,
				120F52AC1FCD7A550026FB05 /* PageViewControllerTests */,
				120F52B71FCD7A550026FB05 /* PageViewControllerUITests */,
			);
		};
/* End PBXProject section */

/* Begin PBXResourcesBuildPhase section */
		120F52971FCD7A550026FB05 /* Resources */ = {
			isa = PBXResourcesBuildPhase;
			buildActionMask = 2147483647;
			files = (
				120F52A71FCD7A550026FB05 /* LaunchScreen.storyboard in Resources */,
				120F52A41FCD7A550026FB05 /* Assets.xcassets in Resources */,
				120F52A21FCD7A550026FB05 /* Main.storyboard in Resources */,
			);
			runOnlyForDeploymentPostprocessing = 0;
		};
		120F52AB1FCD7A550026FB05 /* Resources */ = {
			isa = PBXResourcesBuildPhase;
			buildActionMask = 2147483647;
			files = (
			);
			runOnlyForDeploymentPostprocessing = 0;
		};
		120F52B61FCD7A550026FB05 /* Resources */ = {
			isa = PBXResourcesBuildPhase;
			buildActionMask = 2147483647;
			files = (
			);
			runOnlyForDeploymentPostprocessing = 0;
		};
/* End PBXResourcesBuildPhase section */

/* Begin PBXSourcesBuildPhase section */
		120F52951FCD7A550026FB05 /* Sources */ = {
			isa = PBXSourcesBuildPhase;
			buildActionMask = 2147483647;
			files = (
				120F529F1FCD7A550026FB05 /* ViewController.swift in Sources */,
				120F529D1FCD7A550026FB05 /* AppDelegate.swift in Sources */,
			);
			runOnlyForDeploymentPostprocessing = 0;
		};
		120F52A91FCD7A550026FB05 /* Sources */ = {
			isa = PBXSourcesBuildPhase;
			buildActionMask = 2147483647;
			files = (
				120F52B21FCD7A550026FB05 /* PageViewControllerTests.swift in Sources */,
			);
			runOnlyForDeploymentPostprocessing = 0;
		};
		120F52B41FCD7A550026FB05 /* Sources */ = {
			isa = PBXSourcesBuildPhase;
			buildActionMask = 2147483647;
			files = (
				120F52BD1FCD7A550026FB05 /* PageViewControllerUITests.swift in Sources */,
			);
			runOnlyForDeploymentPostprocessing = 0;
		};
/* End PBXSourcesBuildPhase section */

/* Begin PBXTargetDependency section */
		120F52AF1FCD7A550026FB05 /* PBXTargetDependency */ = {
			isa = PBXTargetDependency;
			target = 120F52981FCD7A550026FB05 /* PageViewController */;
			targetProxy = 120F52AE1FCD7A550026FB05 /* PBXContainerItemProxy */;
		};
		120F52BA1FCD7A550026FB05 /* PBXTargetDependency */ = {
			isa = PBXTargetDependency;
			target = 120F52981FCD7A550026FB05 /* PageViewController */;
			targetProxy = 120F52B91FCD7A550026FB05 /* PBXContainerItemProxy */;
		};
/* End PBXTargetDependency section */

/* Begin PBXVariantGroup section */
		120F52A01FCD7A550026FB05 /* Main.storyboard */ = {
			isa = PBXVariantGroup;
			children = (
				120F52A11FCD7A550026FB05 /* Base */,
			);
			name = Main.storyboard;
			sourceTree = "<group>";
		};
		120F52A51FCD7A550026FB05 /* LaunchScreen.storyboard */ = {
			isa = PBXVariantGroup;
			children = (
				120F52A61FCD7A550026FB05 /* Base */,
			);
			name = LaunchScreen.storyboard;
			sourceTree = "<group>";
		};
/* End PBXVariantGroup section */

/* Begin XCBuildConfiguration section */
		120F52BF1FCD7A550026FB05 /* Debug */ = {
			isa = XCBuildConfiguration;
			buildSettings = {
				ALWAYS_SEARCH_USER_PATHS = NO;
				CLANG_ANALYZER_NONNULL = YES;
				CLANG_CXX_LANGUAGE_STANDARD = "gnu++0x";
				CLANG_CXX_LIBRARY = "libc++";
				CLANG_ENABLE_MODULES = YES;
				CLANG_ENABLE_OBJC_ARC = YES;
				CLANG_WARN_BOOL_CONVERSION = YES;
				CLANG_WARN_CONSTANT_CONVERSION = YES;
				CLANG_WARN_DIRECT_OBJC_ISA_USAGE = YES_ERROR;
				CLANG_WARN_DOCUMENTATION_COMMENTS = YES;
				CLANG_WARN_EMPTY_BODY = YES;
				CLANG_WARN_ENUM_CONVERSION = YES;
				CLANG_WARN_INFINITE_RECURSION = YES;
				CLANG_WARN_INT_CONVERSION = YES;
				CLANG_WARN_OBJC_ROOT_CLASS = YES_ERROR;
				CLANG_WARN_SUSPICIOUS_MOVES = YES;
				CLANG_WARN_UNREACHABLE_CODE = YES;
				CLANG_WARN__DUPLICATE_METHOD_MATCH = YES;
				"CODE_SIGN_IDENTITY[sdk=iphoneos*]" = "iPhone Developer";
				COPY_PHASE_STRIP = NO;
				DEBUG_INFORMATION_FORMAT = dwarf;
				ENABLE_STRICT_OBJC_MSGSEND = YES;
				ENABLE_TESTABILITY = YES;
				GCC_C_LANGUAGE_STANDARD = gnu99;
				GCC_DYNAMIC_NO_PIC = NO;
				GCC_NO_COMMON_BLOCKS = YES;
				GCC_OPTIMIZATION_LEVEL = 0;
				GCC_PREPROCESSOR_DEFINITIONS = (
					"DEBUG=1",
					"$(inherited)",
				);
				GCC_WARN_64_TO_32_BIT_CONVERSION = YES;
				GCC_WARN_ABOUT_RETURN_TYPE = YES_ERROR;
				GCC_WARN_UNDECLARED_SELECTOR = YES;
				GCC_WARN_UNINITIALIZED_AUTOS = YES_AGGRESSIVE;
				GCC_WARN_UNUSED_FUNCTION = YES;
				GCC_WARN_UNUSED_VARIABLE = YES;
				IPHONEOS_DEPLOYMENT_TARGET = 10.0;
				MTL_ENABLE_DEBUG_INFO = YES;
				ONLY_ACTIVE_ARCH = YES;
				SDKROOT = iphoneos;
				SWIFT_ACTIVE_COMPILATION_CONDITIONS = DEBUG;
				SWIFT_OPTIMIZATION_LEVEL = "-Onone";
			};
			name = Debug;
		};
		120F52C01FCD7A550026FB05 /* Release */ = {
			isa = XCBuildConfiguration;
			buildSettings = {
				ALWAYS_SEARCH_USER_PATHS = NO;
				CLANG_ANALYZER_NONNULL = YES;
				CLANG_CXX_LANGUAGE_STANDARD = "gnu++0x";
				CLANG_CXX_LIBRARY = "libc++";
				CLANG_ENABLE_MODULES = YES;
				CLANG_ENABLE_OBJC_ARC = YES;
				CLANG_WARN_BOOL_CONVERSION = YES;
				CLANG_WARN_CONSTANT_CONVERSION = YES;
				CLANG_WARN_DIRECT_OBJC_ISA_USAGE = YES_ERROR;
				CLANG_WARN_DOCUMENTATION_COMMENTS = YES;
				CLANG_WARN_EMPTY_BODY = YES;
				CLANG_WARN_ENUM_CONVERSION = YES;
				CLANG_WARN_INFINITE_RECURSION = YES;
				CLANG_WARN_INT_CONVERSION = YES;
				CLANG_WARN_OBJC_ROOT_CLASS = YES_ERROR;
				CLANG_WARN_SUSPICIOUS_MOVES = YES;
				CLANG_WARN_UNREACHABLE_CODE = YES;
				CLANG_WARN__DUPLICATE_METHOD_MATCH = YES;
				"CODE_SIGN_IDENTITY[sdk=iphoneos*]" = "iPhone Developer";
				COPY_PHASE_STRIP = NO;
				DEBUG_INFORMATION_FORMAT = "dwarf-with-dsym";
				ENABLE_NS_ASSERTIONS = NO;
				ENABLE_STRICT_OBJC_MSGSEND = YES;
				GCC_C_LANGUAGE_STANDARD = gnu99;
				GCC_NO_COMMON_BLOCKS = YES;
				GCC_WARN_64_TO_32_BIT_CONVERSION = YES;
				GCC_WARN_ABOUT_RETURN_TYPE = YES_ERROR;
				GCC_WARN_UNDECLARED_SELECTOR = YES;
				GCC_WARN_UNINITIALIZED_AUTOS = YES_AGGRESSIVE;
				GCC_WARN_UNUSED_FUNCTION = YES;
				GCC_WARN_UNUSED_VARIABLE = YES;
				IPHONEOS_DEPLOYMENT_TARGET = 10.0;
				MTL_ENABLE_DEBUG_INFO = NO;
				SDKROOT = iphoneos;
				SWIFT_OPTIMIZATION_LEVEL = "-Owholemodule";
				VALIDATE_PRODUCT = YES;
			};
			name = Release;
		};
		120F52C21FCD7A550026FB05 /* Debug */ = {
			isa = XCBuildConfiguration;
			buildSettings = {
				ASSETCATALOG_COMPILER_APPICON_NAME = AppIcon;
				INFOPLIST_FILE = PageViewController/Info.plist;
				LD_RUNPATH_SEARCH_PATHS = "$(inherited) @executable_path/Frameworks";
				PRODUCT_BUNDLE_IDENTIFIER = com.zaptechsolutions.PageViewController;
				PRODUCT_NAME = "$(TARGET_NAME)";
				SWIFT_VERSION = 3.0;
			};
			name = Debug;
		};
		120F52C31FCD7A550026FB05 /* Release */ = {
			isa = XCBuildConfiguration;
			buildSettings = {
				ASSETCATALOG_COMPILER_APPICON_NAME = AppIcon;
				INFOPLIST_FILE = PageViewController/Info.plist;
				LD_RUNPATH_SEARCH_PATHS = "$(inherited) @executable_path/Frameworks";
				PRODUCT_BUNDLE_IDENTIFIER = com.zaptechsolutions.PageViewController;
				PRODUCT_NAME = "$(TARGET_NAME)";
				SWIFT_VERSION = 3.0;
			};
			name = Release;
		};
		120F52C51FCD7A550026FB05 /* Debug */ = {
			isa = XCBuildConfiguration;
			buildSettings = {
				ALWAYS_EMBED_SWIFT_STANDARD_LIBRARIES = YES;
				BUNDLE_LOADER = "$(TEST_HOST)";
				INFOPLIST_FILE = PageViewControllerTests/Info.plist;
				LD_RUNPATH_SEARCH_PATHS = "$(inherited) @executable_path/Frameworks @loader_path/Frameworks";
				PRODUCT_BUNDLE_IDENTIFIER = com.zaptechsolutions.PageViewControllerTests;
				PRODUCT_NAME = "$(TARGET_NAME)";
				SWIFT_VERSION = 3.0;
				TEST_HOST = "$(BUILT_PRODUCTS_DIR)/PageViewController.app/PageViewController";
			};
			name = Debug;
		};
		120F52C61FCD7A550026FB05 /* Release */ = {
			isa = XCBuildConfiguration;
			buildSettings = {
				ALWAYS_EMBED_SWIFT_STANDARD_LIBRARIES = YES;
				BUNDLE_LOADER = "$(TEST_HOST)";
				INFOPLIST_FILE = PageViewControllerTests/Info.plist;
				LD_RUNPATH_SEARCH_PATHS = "$(inherited) @executable_path/Frameworks @loader_path/Frameworks";
				PRODUCT_BUNDLE_IDENTIFIER = com.zaptechsolutions.PageViewControllerTests;
				PRODUCT_NAME = "$(TARGET_NAME)";
				SWIFT_VERSION = 3.0;
				TEST_HOST = "$(BUILT_PRODUCTS_DIR)/PageViewController.app/PageViewController";
			};
			name = Release;
		};
		120F52C81FCD7A550026FB05 /* Debug */ = {
			isa = XCBuildConfiguration;
			buildSettings = {
				ALWAYS_EMBED_SWIFT_STANDARD_LIBRARIES = YES;
				INFOPLIST_FILE = PageViewControllerUITests/Info.plist;
				LD_RUNPATH_SEARCH_PATHS = "$(inherited) @executable_path/Frameworks @loader_path/Frameworks";
				PRODUCT_BUNDLE_IDENTIFIER = com.zaptechsolutions.PageViewControllerUITests;
				PRODUCT_NAME = "$(TARGET_NAME)";
				SWIFT_VERSION = 3.0;
				TEST_TARGET_NAME = PageViewController;
			};
			name = Debug;
		};
		120F52C91FCD7A550026FB05 /* Release */ = {
			isa = XCBuildConfiguration;
			buildSettings = {
				ALWAYS_EMBED_SWIFT_STANDARD_LIBRARIES = YES;
				INFOPLIST_FILE = PageViewControllerUITests/Info.plist;
				LD_RUNPATH_SEARCH_PATHS = "$(inherited) @executable_path/Frameworks @loader_path/Frameworks";
				PRODUCT_BUNDLE_IDENTIFIER = com.zaptechsolutions.PageViewControllerUITests;
				PRODUCT_NAME = "$(TARGET_NAME)";
				SWIFT_VERSION = 3.0;
				TEST_TARGET_NAME = PageViewController;
			};
			name = Release;
		};
/* End XCBuildConfiguration section */

/* Begin XCConfigurationList section */
		120F52941FCD7A550026FB05 /* Build configuration list for PBXProject "PageViewController" */ = {
			isa = XCConfigurationList;
			buildConfigurations = (
				120F52BF1FCD7A550026FB05 /* Debug */,
				120F52C01FCD7A550026FB05 /* Release */,
			);
			defaultConfigurationIsVisible = 0;
			defaultConfigurationName = Release;
		};
		120F52C11FCD7A550026FB05 /* Build configuration list for PBXNativeTarget "PageViewController" */ = {
			isa = XCConfigurationList;
			buildConfigurations = (
				120F52C21FCD7A550026FB05 /* Debug */,
				120F52C31FCD7A550026FB05 /* Release */,
			);
			defaultConfigurationIsVisible = 0;
		};
		120F52C41FCD7A550026FB05 /* Build configuration list for PBXNativeTarget "PageViewControllerTests" */ = {
			isa = XCConfigurationList;
			buildConfigurations = (
				120F52C51FCD7A550026FB05 /* Debug */,
				120F52C61FCD7A550026FB05 /* Release */,
			);
			defaultConfigurationIsVisible = 0;
		};
		120F52C71FCD7A550026FB05 /* Build configuration list for PBXNativeTarget "PageViewControllerUITests" */ = {
			isa = XCConfigurationList;
			buildConfigurations = (
				120F52C81FCD7A550026FB05 /* Debug */,
				120F52C91FCD7A550026FB05 /* Release */,
			);
			defaultConfigurationIsVisible = 0;
		};
/* End XCConfigurationList section */
	};
	rootObject = 120F52911FCD7A550026FB05 /* Project object */;
}
