// !$*UTF8*$!
{
	archiveVersion = 1;
	classes = {
	};
	objectVersion = 46;
	objects = {

/* Begin PBXBuildFile section */
		12C7F8D61FCEBD71006D51E2 /* AppDelegate.swift in Sources */ = {isa = PBXBuildFile; fileRef = 12C7F8D51FCEBD71006D51E2 /* AppDelegate.swift */; };
		12C7F8D81FCEBD71006D51E2 /* ViewController.swift in Sources */ = {isa = PBXBuildFile; fileRef = 12C7F8D71FCEBD71006D51E2 /* ViewController.swift */; };
		12C7F8DB1FCEBD71006D51E2 /* Main.storyboard in Resources */ = {isa = PBXBuildFile; fileRef = 12C7F8D91FCEBD71006D51E2 /* Main.storyboard */; };
		12C7F8DD1FCEBD71006D51E2 /* Assets.xcassets in Resources */ = {isa = PBXBuildFile; fileRef = 12C7F8DC1FCEBD71006D51E2 /* Assets.xcassets */; };
		12C7F8E01FCEBD71006D51E2 /* LaunchScreen.storyboard in Resources */ = {isa = PBXBuildFile; fileRef = 12C7F8DE1FCEBD71006D51E2 /* LaunchScreen.storyboard */; };
		12C7F8EB1FCEBD71006D51E2 /* CameraDemoTests.swift in Sources */ = {isa = PBXBuildFile; fileRef = 12C7F8EA1FCEBD71006D51E2 /* CameraDemoTests.swift */; };
		12C7F8F61FCEBD71006D51E2 /* CameraDemoUITests.swift in Sources */ = {isa = PBXBuildFile; fileRef = 12C7F8F51FCEBD71006D51E2 /* CameraDemoUITests.swift */; };
/* End PBXBuildFile section */

/* Begin PBXContainerItemProxy section */
		12C7F8E71FCEBD71006D51E2 /* PBXContainerItemProxy */ = {
			isa = PBXContainerItemProxy;
			containerPortal = 12C7F8CA1FCEBD71006D51E2 /* Project object */;
			proxyType = 1;
			remoteGlobalIDString = 12C7F8D11FCEBD71006D51E2;
			remoteInfo = CameraDemo;
		};
		12C7F8F21FCEBD71006D51E2 /* PBXContainerItemProxy */ = {
			isa = PBXContainerItemProxy;
			containerPortal = 12C7F8CA1FCEBD71006D51E2 /* Project object */;
			proxyType = 1;
			remoteGlobalIDString = 12C7F8D11FCEBD71006D51E2;
			remoteInfo = CameraDemo;
		};
/* End PBXContainerItemProxy section */

/* Begin PBXFileReference section */
		12C7F8D21FCEBD71006D51E2 /* CameraDemo.app */ = {isa = PBXFileReference; explicitFileType = wrapper.application; includeInIndex = 0; path = CameraDemo.app; sourceTree = BUILT_PRODUCTS_DIR; };
		12C7F8D51FCEBD71006D51E2 /* AppDelegate.swift */ = {isa = PBXFileReference; lastKnownFileType = sourcecode.swift; path = AppDelegate.swift; sourceTree = "<group>"; };
		12C7F8D71FCEBD71006D51E2 /* ViewController.swift */ = {isa = PBXFileReference; lastKnownFileType = sourcecode.swift; path = ViewController.swift; sourceTree = "<group>"; };
		12C7F8DA1FCEBD71006D51E2 /* Base */ = {isa = PBXFileReference; lastKnownFileType = file.storyboard; name = Base; path = Base.lproj/Main.storyboard; sourceTree = "<group>"; };
		12C7F8DC1FCEBD71006D51E2 /* Assets.xcassets */ = {isa = PBXFileReference; lastKnownFileType = folder.assetcatalog; path = Assets.xcassets; sourceTree = "<group>"; };
		12C7F8DF1FCEBD71006D51E2 /* Base */ = {isa = PBXFileReference; lastKnownFileType = file.storyboard; name = Base; path = Base.lproj/LaunchScreen.storyboard; sourceTree = "<group>"; };
		12C7F8E11FCEBD71006D51E2 /* Info.plist */ = {isa = PBXFileReference; lastKnownFileType = text.plist.xml; path = Info.plist; sourceTree = "<group>"; };
		12C7F8E61FCEBD71006D51E2 /* CameraDemoTests.xctest */ = {isa = PBXFileReference; explicitFileType = wrapper.cfbundle; includeInIndex = 0; path = CameraDemoTests.xctest; sourceTree = BUILT_PRODUCTS_DIR; };
		12C7F8EA1FCEBD71006D51E2 /* CameraDemoTests.swift */ = {isa = PBXFileReference; lastKnownFileType = sourcecode.swift; path = CameraDemoTests.swift; sourceTree = "<group>"; };
		12C7F8EC1FCEBD71006D51E2 /* Info.plist */ = {isa = PBXFileReference; lastKnownFileType = text.plist.xml; path = Info.plist; sourceTree = "<group>"; };
		12C7F8F11FCEBD71006D51E2 /* CameraDemoUITests.xctest */ = {isa = PBXFileReference; explicitFileType = wrapper.cfbundle; includeInIndex = 0; path = CameraDemoUITests.xctest; sourceTree = BUILT_PRODUCTS_DIR; };
		12C7F8F51FCEBD71006D51E2 /* CameraDemoUITests.swift */ = {isa = PBXFileReference; lastKnownFileType = sourcecode.swift; path = CameraDemoUITests.swift; sourceTree = "<group>"; };
		12C7F8F71FCEBD71006D51E2 /* Info.plist */ = {isa = PBXFileReference; lastKnownFileType = text.plist.xml; path = Info.plist; sourceTree = "<group>"; };
/* End PBXFileReference section */

/* Begin PBXFrameworksBuildPhase section */
		12C7F8CF1FCEBD71006D51E2 /* Frameworks */ = {
			isa = PBXFrameworksBuildPhase;
			buildActionMask = 2147483647;
			files = (
			);
			runOnlyForDeploymentPostprocessing = 0;
		};
		12C7F8E31FCEBD71006D51E2 /* Frameworks */ = {
			isa = PBXFrameworksBuildPhase;
			buildActionMask = 2147483647;
			files = (
			);
			runOnlyForDeploymentPostprocessing = 0;
		};
		12C7F8EE1FCEBD71006D51E2 /* Frameworks */ = {
			isa = PBXFrameworksBuildPhase;
			buildActionMask = 2147483647;
			files = (
			);
			runOnlyForDeploymentPostprocessing = 0;
		};
/* End PBXFrameworksBuildPhase section */

/* Begin PBXGroup section */
		12C7F8C91FCEBD71006D51E2 = {
			isa = PBXGroup;
			children = (
				12C7F8D41FCEBD71006D51E2 /* CameraDemo */,
				12C7F8E91FCEBD71006D51E2 /* CameraDemoTests */,
				12C7F8F41FCEBD71006D51E2 /* CameraDemoUITests */,
				12C7F8D31FCEBD71006D51E2 /* Products */,
			);
			sourceTree = "<group>";
		};
		12C7F8D31FCEBD71006D51E2 /* Products */ = {
			isa = PBXGroup;
			children = (
				12C7F8D21FCEBD71006D51E2 /* CameraDemo.app */,
				12C7F8E61FCEBD71006D51E2 /* CameraDemoTests.xctest */,
				12C7F8F11FCEBD71006D51E2 /* CameraDemoUITests.xctest */,
			);
			name = Products;
			sourceTree = "<group>";
		};
		12C7F8D41FCEBD71006D51E2 /* CameraDemo */ = {
			isa = PBXGroup;
			children = (
				12C7F8D51FCEBD71006D51E2 /* AppDelegate.swift */,
				12C7F8D71FCEBD71006D51E2 /* ViewController.swift */,
				12C7F8D91FCEBD71006D51E2 /* Main.storyboard */,
				12C7F8DC1FCEBD71006D51E2 /* Assets.xcassets */,
				12C7F8DE1FCEBD71006D51E2 /* LaunchScreen.storyboard */,
				12C7F8E11FCEBD71006D51E2 /* Info.plist */,
			);
			path = CameraDemo;
			sourceTree = "<group>";
		};
		12C7F8E91FCEBD71006D51E2 /* CameraDemoTests */ = {
			isa = PBXGroup;
			children = (
				12C7F8EA1FCEBD71006D51E2 /* CameraDemoTests.swift */,
				12C7F8EC1FCEBD71006D51E2 /* Info.plist */,
			);
			path = CameraDemoTests;
			sourceTree = "<group>";
		};
		12C7F8F41FCEBD71006D51E2 /* CameraDemoUITests */ = {
			isa = PBXGroup;
			children = (
				12C7F8F51FCEBD71006D51E2 /* CameraDemoUITests.swift */,
				12C7F8F71FCEBD71006D51E2 /* Info.plist */,
			);
			path = CameraDemoUITests;
			sourceTree = "<group>";
		};
/* End PBXGroup section */

/* Begin PBXNativeTarget section */
		12C7F8D11FCEBD71006D51E2 /* CameraDemo */ = {
			isa = PBXNativeTarget;
			buildConfigurationList = 12C7F8FA1FCEBD71006D51E2 /* Build configuration list for PBXNativeTarget "CameraDemo" */;
			buildPhases = (
				12C7F8CE1FCEBD71006D51E2 /* Sources */,
				12C7F8CF1FCEBD71006D51E2 /* Frameworks */,
				12C7F8D01FCEBD71006D51E2 /* Resources */,
			);
			buildRules = (
			);
			dependencies = (
			);
			name = CameraDemo;
			productName = CameraDemo;
			productReference = 12C7F8D21FCEBD71006D51E2 /* CameraDemo.app */;
			productType = "com.apple.product-type.application";
		};
		12C7F8E51FCEBD71006D51E2 /* CameraDemoTests */ = {
			isa = PBXNativeTarget;
			buildConfigurationList = 12C7F8FD1FCEBD71006D51E2 /* Build configuration list for PBXNativeTarget "CameraDemoTests" */;
			buildPhases = (
				12C7F8E21FCEBD71006D51E2 /* Sources */,
				12C7F8E31FCEBD71006D51E2 /* Frameworks */,
				12C7F8E41FCEBD71006D51E2 /* Resources */,
			);
			buildRules = (
			);
			dependencies = (
				12C7F8E81FCEBD71006D51E2 /* PBXTargetDependency */,
			);
			name = CameraDemoTests;
			productName = CameraDemoTests;
			productReference = 12C7F8E61FCEBD71006D51E2 /* CameraDemoTests.xctest */;
			productType = "com.apple.product-type.bundle.unit-test";
		};
		12C7F8F01FCEBD71006D51E2 /* CameraDemoUITests */ = {
			isa = PBXNativeTarget;
			buildConfigurationList = 12C7F9001FCEBD71006D51E2 /* Build configuration list for PBXNativeTarget "CameraDemoUITests" */;
			buildPhases = (
				12C7F8ED1FCEBD71006D51E2 /* Sources */,
				12C7F8EE1FCEBD71006D51E2 /* Frameworks */,
				12C7F8EF1FCEBD71006D51E2 /* Resources */,
			);
			buildRules = (
			);
			dependencies = (
				12C7F8F31FCEBD71006D51E2 /* PBXTargetDependency */,
			);
			name = CameraDemoUITests;
			productName = CameraDemoUITests;
			productReference = 12C7F8F11FCEBD71006D51E2 /* CameraDemoUITests.xctest */;
			productType = "com.apple.product-type.bundle.ui-testing";
		};
/* End PBXNativeTarget section */

/* Begin PBXProject section */
		12C7F8CA1FCEBD71006D51E2 /* Project object */ = {
			isa = PBXProject;
			attributes = {
				LastSwiftUpdateCheck = 0800;
				LastUpgradeCheck = 0800;
				ORGANIZATIONNAME = bhumesh;
				TargetAttributes = {
					12C7F8D11FCEBD71006D51E2 = {
						CreatedOnToolsVersion = 8.0;
						ProvisioningStyle = Automatic;
					};
					12C7F8E51FCEBD71006D51E2 = {
						CreatedOnToolsVersion = 8.0;
						ProvisioningStyle = Automatic;
						TestTargetID = 12C7F8D11FCEBD71006D51E2;
					};
					12C7F8F01FCEBD71006D51E2 = {
						CreatedOnToolsVersion = 8.0;
						ProvisioningStyle = Automatic;
						TestTargetID = 12C7F8D11FCEBD71006D51E2;
					};
				};
			};
			buildConfigurationList = 12C7F8CD1FCEBD71006D51E2 /* Build configuration list for PBXProject "CameraDemo" */;
			compatibilityVersion = "Xcode 3.2";
			developmentRegion = English;
			hasScannedForEncodings = 0;
			knownRegions = (
				en,
				Base,
			);
			mainGroup = 12C7F8C91FCEBD71006D51E2;
			productRefGroup = 12C7F8D31FCEBD71006D51E2 /* Products */;
			projectDirPath = "";
			projectRoot = "";
			targets = (
				12C7F8D11FCEBD71006D51E2 /* CameraDemo */,
				12C7F8E51FCEBD71006D51E2 /* CameraDemoTests */,
				12C7F8F01FCEBD71006D51E2 /* CameraDemoUITests */,
			);
		};
/* End PBXProject section */

/* Begin PBXResourcesBuildPhase section */
		12C7F8D01FCEBD71006D51E2 /* Resources */ = {
			isa = PBXResourcesBuildPhase;
			buildActionMask = 2147483647;
			files = (
				12C7F8E01FCEBD71006D51E2 /* LaunchScreen.storyboard in Resources */,
				12C7F8DD1FCEBD71006D51E2 /* Assets.xcassets in Resources */,
				12C7F8DB1FCEBD71006D51E2 /* Main.storyboard in Resources */,
			);
			runOnlyForDeploymentPostprocessing = 0;
		};
		12C7F8E41FCEBD71006D51E2 /* Resources */ = {
			isa = PBXResourcesBuildPhase;
			buildActionMask = 2147483647;
			files = (
			);
			runOnlyForDeploymentPostprocessing = 0;
		};
		12C7F8EF1FCEBD71006D51E2 /* Resources */ = {
			isa = PBXResourcesBuildPhase;
			buildActionMask = 2147483647;
			files = (
			);
			runOnlyForDeploymentPostprocessing = 0;
		};
/* End PBXResourcesBuildPhase section */

/* Begin PBXSourcesBuildPhase section */
		12C7F8CE1FCEBD71006D51E2 /* Sources */ = {
			isa = PBXSourcesBuildPhase;
			buildActionMask = 2147483647;
			files = (
				12C7F8D81FCEBD71006D51E2 /* ViewController.swift in Sources */,
				12C7F8D61FCEBD71006D51E2 /* AppDelegate.swift in Sources */,
			);
			runOnlyForDeploymentPostprocessing = 0;
		};
		12C7F8E21FCEBD71006D51E2 /* Sources */ = {
			isa = PBXSourcesBuildPhase;
			buildActionMask = 2147483647;
			files = (
				12C7F8EB1FCEBD71006D51E2 /* CameraDemoTests.swift in Sources */,
			);
			runOnlyForDeploymentPostprocessing = 0;
		};
		12C7F8ED1FCEBD71006D51E2 /* Sources */ = {
			isa = PBXSourcesBuildPhase;
			buildActionMask = 2147483647;
			files = (
				12C7F8F61FCEBD71006D51E2 /* CameraDemoUITests.swift in Sources */,
			);
			runOnlyForDeploymentPostprocessing = 0;
		};
/* End PBXSourcesBuildPhase section */

/* Begin PBXTargetDependency section */
		12C7F8E81FCEBD71006D51E2 /* PBXTargetDependency */ = {
			isa = PBXTargetDependency;
			target = 12C7F8D11FCEBD71006D51E2 /* CameraDemo */;
			targetProxy = 12C7F8E71FCEBD71006D51E2 /* PBXContainerItemProxy */;
		};
		12C7F8F31FCEBD71006D51E2 /* PBXTargetDependency */ = {
			isa = PBXTargetDependency;
			target = 12C7F8D11FCEBD71006D51E2 /* CameraDemo */;
			targetProxy = 12C7F8F21FCEBD71006D51E2 /* PBXContainerItemProxy */;
		};
/* End PBXTargetDependency section */

/* Begin PBXVariantGroup section */
		12C7F8D91FCEBD71006D51E2 /* Main.storyboard */ = {
			isa = PBXVariantGroup;
			children = (
				12C7F8DA1FCEBD71006D51E2 /* Base */,
			);
			name = Main.storyboard;
			sourceTree = "<group>";
		};
		12C7F8DE1FCEBD71006D51E2 /* LaunchScreen.storyboard */ = {
			isa = PBXVariantGroup;
			children = (
				12C7F8DF1FCEBD71006D51E2 /* Base */,
			);
			name = LaunchScreen.storyboard;
			sourceTree = "<group>";
		};
/* End PBXVariantGroup section */

/* Begin XCBuildConfiguration section */
		12C7F8F81FCEBD71006D51E2 /* Debug */ = {
			isa = XCBuildConfiguration;
			buildSettings = {
				ALWAYS_SEARCH_USER_PATHS = NO;
				CLANG_ANALYZER_NONNULL = YES;
				CLANG_CXX_LANGUAGE_STANDARD = "gnu++0x";
				CLANG_CXX_LIBRARY = "libc++";
				CLANG_ENABLE_MODULES = YES;
				CLANG_ENABLE_OBJC_ARC = YES;
				CLANG_WARN_BOOL_CONVERSION = YES;
				CLANG_WARN_CONSTANT_CONVERSION = YES;
				CLANG_WARN_DIRECT_OBJC_ISA_USAGE = YES_ERROR;
				CLANG_WARN_DOCUMENTATION_COMMENTS = YES;
				CLANG_WARN_EMPTY_BODY = YES;
				CLANG_WARN_ENUM_CONVERSION = YES;
				CLANG_WARN_INFINITE_RECURSION = YES;
				CLANG_WARN_INT_CONVERSION = YES;
				CLANG_WARN_OBJC_ROOT_CLASS = YES_ERROR;
				CLANG_WARN_SUSPICIOUS_MOVES = YES;
				CLANG_WARN_UNREACHABLE_CODE = YES;
				CLANG_WARN__DUPLICATE_METHOD_MATCH = YES;
				"CODE_SIGN_IDENTITY[sdk=iphoneos*]" = "iPhone Developer";
				COPY_PHASE_STRIP = NO;
				DEBUG_INFORMATION_FORMAT = dwarf;
				ENABLE_STRICT_OBJC_MSGSEND = YES;
				ENABLE_TESTABILITY = YES;
				GCC_C_LANGUAGE_STANDARD = gnu99;
				GCC_DYNAMIC_NO_PIC = NO;
				GCC_NO_COMMON_BLOCKS = YES;
				GCC_OPTIMIZATION_LEVEL = 0;
				GCC_PREPROCESSOR_DEFINITIONS = (
					"DEBUG=1",
					"$(inherited)",
				);
				GCC_WARN_64_TO_32_BIT_CONVERSION = YES;
				GCC_WARN_ABOUT_RETURN_TYPE = YES_ERROR;
				GCC_WARN_UNDECLARED_SELECTOR = YES;
				GCC_WARN_UNINITIALIZED_AUTOS = YES_AGGRESSIVE;
				GCC_WARN_UNUSED_FUNCTION = YES;
				GCC_WARN_UNUSED_VARIABLE = YES;
				IPHONEOS_DEPLOYMENT_TARGET = 10.0;
				MTL_ENABLE_DEBUG_INFO = YES;
				ONLY_ACTIVE_ARCH = YES;
				SDKROOT = iphoneos;
				SWIFT_ACTIVE_COMPILATION_CONDITIONS = DEBUG;
				SWIFT_OPTIMIZATION_LEVEL = "-Onone";
			};
			name = Debug;
		};
		12C7F8F91FCEBD71006D51E2 /* Release */ = {
			isa = XCBuildConfiguration;
			buildSettings = {
				ALWAYS_SEARCH_USER_PATHS = NO;
				CLANG_ANALYZER_NONNULL = YES;
				CLANG_CXX_LANGUAGE_STANDARD = "gnu++0x";
				CLANG_CXX_LIBRARY = "libc++";
				CLANG_ENABLE_MODULES = YES;
				CLANG_ENABLE_OBJC_ARC = YES;
				CLANG_WARN_BOOL_CONVERSION = YES;
				CLANG_WARN_CONSTANT_CONVERSION = YES;
				CLANG_WARN_DIRECT_OBJC_ISA_USAGE = YES_ERROR;
				CLANG_WARN_DOCUMENTATION_COMMENTS = YES;
				CLANG_WARN_EMPTY_BODY = YES;
				CLANG_WARN_ENUM_CONVERSION = YES;
				CLANG_WARN_INFINITE_RECURSION = YES;
				CLANG_WARN_INT_CONVERSION = YES;
				CLANG_WARN_OBJC_ROOT_CLASS = YES_ERROR;
				CLANG_WARN_SUSPICIOUS_MOVES = YES;
				CLANG_WARN_UNREACHABLE_CODE = YES;
				CLANG_WARN__DUPLICATE_METHOD_MATCH = YES;
				"CODE_SIGN_IDENTITY[sdk=iphoneos*]" = "iPhone Developer";
				COPY_PHASE_STRIP = NO;
				DEBUG_INFORMATION_FORMAT = "dwarf-with-dsym";
				ENABLE_NS_ASSERTIONS = NO;
				ENABLE_STRICT_OBJC_MSGSEND = YES;
				GCC_C_LANGUAGE_STANDARD = gnu99;
				GCC_NO_COMMON_BLOCKS = YES;
				GCC_WARN_64_TO_32_BIT_CONVERSION = YES;
				GCC_WARN_ABOUT_RETURN_TYPE = YES_ERROR;
				GCC_WARN_UNDECLARED_SELECTOR = YES;
				GCC_WARN_UNINITIALIZED_AUTOS = YES_AGGRESSIVE;
				GCC_WARN_UNUSED_FUNCTION = YES;
				GCC_WARN_UNUSED_VARIABLE = YES;
				IPHONEOS_DEPLOYMENT_TARGET = 10.0;
				MTL_ENABLE_DEBUG_INFO = NO;
				SDKROOT = iphoneos;
				SWIFT_OPTIMIZATION_LEVEL = "-Owholemodule";
				VALIDATE_PRODUCT = YES;
			};
			name = Release;
		};
		12C7F8FB1FCEBD71006D51E2 /* Debug */ = {
			isa = XCBuildConfiguration;
			buildSettings = {
				ASSETCATALOG_COMPILER_APPICON_NAME = AppIcon;
				INFOPLIST_FILE = CameraDemo/Info.plist;
				LD_RUNPATH_SEARCH_PATHS = "$(inherited) @executable_path/Frameworks";
				PRODUCT_BUNDLE_IDENTIFIER = com.zaptechsolutions.CameraDemo;
				PRODUCT_NAME = "$(TARGET_NAME)";
				SWIFT_VERSION = 3.0;
			};
			name = Debug;
		};
		12C7F8FC1FCEBD71006D51E2 /* Release */ = {
			isa = XCBuildConfiguration;
			buildSettings = {
				ASSETCATALOG_COMPILER_APPICON_NAME = AppIcon;
				INFOPLIST_FILE = CameraDemo/Info.plist;
				LD_RUNPATH_SEARCH_PATHS = "$(inherited) @executable_path/Frameworks";
				PRODUCT_BUNDLE_IDENTIFIER = com.zaptechsolutions.CameraDemo;
				PRODUCT_NAME = "$(TARGET_NAME)";
				SWIFT_VERSION = 3.0;
			};
			name = Release;
		};
		12C7F8FE1FCEBD71006D51E2 /* Debug */ = {
			isa = XCBuildConfiguration;
			buildSettings = {
				ALWAYS_EMBED_SWIFT_STANDARD_LIBRARIES = YES;
				BUNDLE_LOADER = "$(TEST_HOST)";
				INFOPLIST_FILE = CameraDemoTests/Info.plist;
				LD_RUNPATH_SEARCH_PATHS = "$(inherited) @executable_path/Frameworks @loader_path/Frameworks";
				PRODUCT_BUNDLE_IDENTIFIER = com.zaptechsolutions.CameraDemoTests;
				PRODUCT_NAME = "$(TARGET_NAME)";
				SWIFT_VERSION = 3.0;
				TEST_HOST = "$(BUILT_PRODUCTS_DIR)/CameraDemo.app/CameraDemo";
			};
			name = Debug;
		};
		12C7F8FF1FCEBD71006D51E2 /* Release */ = {
			isa = XCBuildConfiguration;
			buildSettings = {
				ALWAYS_EMBED_SWIFT_STANDARD_LIBRARIES = YES;
				BUNDLE_LOADER = "$(TEST_HOST)";
				INFOPLIST_FILE = CameraDemoTests/Info.plist;
				LD_RUNPATH_SEARCH_PATHS = "$(inherited) @executable_path/Frameworks @loader_path/Frameworks";
				PRODUCT_BUNDLE_IDENTIFIER = com.zaptechsolutions.CameraDemoTests;
				PRODUCT_NAME = "$(TARGET_NAME)";
				SWIFT_VERSION = 3.0;
				TEST_HOST = "$(BUILT_PRODUCTS_DIR)/CameraDemo.app/CameraDemo";
			};
			name = Release;
		};
		12C7F9011FCEBD71006D51E2 /* Debug */ = {
			isa = XCBuildConfiguration;
			buildSettings = {
				ALWAYS_EMBED_SWIFT_STANDARD_LIBRARIES = YES;
				INFOPLIST_FILE = CameraDemoUITests/Info.plist;
				LD_RUNPATH_SEARCH_PATHS = "$(inherited) @executable_path/Frameworks @loader_path/Frameworks";
				PRODUCT_BUNDLE_IDENTIFIER = com.zaptechsolutions.CameraDemoUITests;
				PRODUCT_NAME = "$(TARGET_NAME)";
				SWIFT_VERSION = 3.0;
				TEST_TARGET_NAME = CameraDemo;
			};
			name = Debug;
		};
		12C7F9021FCEBD71006D51E2 /* Release */ = {
			isa = XCBuildConfiguration;
			buildSettings = {
				ALWAYS_EMBED_SWIFT_STANDARD_LIBRARIES = YES;
				INFOPLIST_FILE = CameraDemoUITests/Info.plist;
				LD_RUNPATH_SEARCH_PATHS = "$(inherited) @executable_path/Frameworks @loader_path/Frameworks";
				PRODUCT_BUNDLE_IDENTIFIER = com.zaptechsolutions.CameraDemoUITests;
				PRODUCT_NAME = "$(TARGET_NAME)";
				SWIFT_VERSION = 3.0;
				TEST_TARGET_NAME = CameraDemo;
			};
			name = Release;
		};
/* End XCBuildConfiguration section */

/* Begin XCConfigurationList section */
		12C7F8CD1FCEBD71006D51E2 /* Build configuration list for PBXProject "CameraDemo" */ = {
			isa = XCConfigurationList;
			buildConfigurations = (
				12C7F8F81FCEBD71006D51E2 /* Debug */,
				12C7F8F91FCEBD71006D51E2 /* Release */,
			);
			defaultConfigurationIsVisible = 0;
			defaultConfigurationName = Release;
		};
		12C7F8FA1FCEBD71006D51E2 /* Build configuration list for PBXNativeTarget "CameraDemo" */ = {
			isa = XCConfigurationList;
			buildConfigurations = (
				12C7F8FB1FCEBD71006D51E2 /* Debug */,
				12C7F8FC1FCEBD71006D51E2 /* Release */,
			);
			defaultConfigurationIsVisible = 0;
		};
		12C7F8FD1FCEBD71006D51E2 /* Build configuration list for PBXNativeTarget "CameraDemoTests" */ = {
			isa = XCConfigurationList;
			buildConfigurations = (
				12C7F8FE1FCEBD71006D51E2 /* Debug */,
				12C7F8FF1FCEBD71006D51E2 /* Release */,
			);
			defaultConfigurationIsVisible = 0;
		};
		12C7F9001FCEBD71006D51E2 /* Build configuration list for PBXNativeTarget "CameraDemoUITests" */ = {
			isa = XCConfigurationList;
			buildConfigurations = (
				12C7F9011FCEBD71006D51E2 /* Debug */,
				12C7F9021FCEBD71006D51E2 /* Release */,
			);
			defaultConfigurationIsVisible = 0;
		};
/* End XCConfigurationList section */
	};
	rootObject = 12C7F8CA1FCEBD71006D51E2 /* Project object */;
}
