// !$*UTF8*$!
{
	archiveVersion = 1;
	classes = {
	};
	objectVersion = 46;
	objects = {

/* Begin PBXBuildFile section */
		120F528E1FCD75260026FB05 /* Alamofire.framework in Frameworks */ = {isa = PBXBuildFile; fileRef = 120F528C1FCD75260026FB05 /* Alamofire.framework */; };
		120F528F1FCD75260026FB05 /* SDWebImage.framework in Frameworks */ = {isa = PBXBuildFile; fileRef = 120F528D1FCD75260026FB05 /* SDWebImage.framework */; };
		12BBDCB01FCD216400669133 /* AppDelegate.swift in Sources */ = {isa = PBXBuildFile; fileRef = 12BBDCAF1FCD216400669133 /* AppDelegate.swift */; };
		12BBDCB21FCD216400669133 /* ViewController.swift in Sources */ = {isa = PBXBuildFile; fileRef = 12BBDCB11FCD216400669133 /* ViewController.swift */; };
		12BBDCB51FCD216400669133 /* Main.storyboard in Resources */ = {isa = PBXBuildFile; fileRef = 12BBDCB31FCD216400669133 /* Main.storyboard */; };
		12BBDCB71FCD216400669133 /* Assets.xcassets in Resources */ = {isa = PBXBuildFile; fileRef = 12BBDCB61FCD216400669133 /* Assets.xcassets */; };
		12BBDCBA1FCD216400669133 /* LaunchScreen.storyboard in Resources */ = {isa = PBXBuildFile; fileRef = 12BBDCB81FCD216400669133 /* LaunchScreen.storyboard */; };
		12BBDCC51FCD216400669133 /* SwiftDemoTests.swift in Sources */ = {isa = PBXBuildFile; fileRef = 12BBDCC41FCD216400669133 /* SwiftDemoTests.swift */; };
		12BBDCD01FCD216400669133 /* SwiftDemoUITests.swift in Sources */ = {isa = PBXBuildFile; fileRef = 12BBDCCF1FCD216400669133 /* SwiftDemoUITests.swift */; };
		12BBDCDE1FCD377000669133 /* Untitled.png in Resources */ = {isa = PBXBuildFile; fileRef = 12BBDCDD1FCD377000669133 /* Untitled.png */; };
		339904D3D60390D311483170 /* Pods_SwiftDemoTests.framework in Frameworks */ = {isa = PBXBuildFile; fileRef = 79548696835B597BB73ADDC9 /* Pods_SwiftDemoTests.framework */; };
		423469E68941C183C5201E93 /* Pods_SwiftDemo.framework in Frameworks */ = {isa = PBXBuildFile; fileRef = D64BEFCFB3F2B6EAF91E12B1 /* Pods_SwiftDemo.framework */; };
		74E0FB900B47D75C0EA37A9E /* Pods_SwiftDemoUITests.framework in Frameworks */ = {isa = PBXBuildFile; fileRef = B560732F2E45C234757E0EBD /* Pods_SwiftDemoUITests.framework */; };
/* End PBXBuildFile section */

/* Begin PBXContainerItemProxy section */
		12BBDCC11FCD216400669133 /* PBXContainerItemProxy */ = {
			isa = PBXContainerItemProxy;
			containerPortal = 12BBDCA41FCD216400669133 /* Project object */;
			proxyType = 1;
			remoteGlobalIDString = 12BBDCAB1FCD216400669133;
			remoteInfo = SwiftDemo;
		};
		12BBDCCC1FCD216400669133 /* PBXContainerItemProxy */ = {
			isa = PBXContainerItemProxy;
			containerPortal = 12BBDCA41FCD216400669133 /* Project object */;
			proxyType = 1;
			remoteGlobalIDString = 12BBDCAB1FCD216400669133;
			remoteInfo = SwiftDemo;
		};
/* End PBXContainerItemProxy section */

/* Begin PBXFileReference section */
		120F528C1FCD75260026FB05 /* Alamofire.framework */ = {isa = PBXFileReference; lastKnownFileType = wrapper.framework; name = Alamofire.framework; path = "../../../../Library/Developer/Xcode/DerivedData/SwiftDemo-fowuksioimgwugcpjugkuvvfxvyu/Build/Products/Debug-iphonesimulator/Alamofire/Alamofire.framework"; sourceTree = "<group>"; };
		120F528D1FCD75260026FB05 /* SDWebImage.framework */ = {isa = PBXFileReference; lastKnownFileType = wrapper.framework; name = SDWebImage.framework; path = "Pods/../build/Debug-iphoneos/SDWebImage/SDWebImage.framework"; sourceTree = "<group>"; };
		12BBDCAC1FCD216400669133 /* SwiftDemo.app */ = {isa = PBXFileReference; explicitFileType = wrapper.application; includeInIndex = 0; path = SwiftDemo.app; sourceTree = BUILT_PRODUCTS_DIR; };
		12BBDCAF1FCD216400669133 /* AppDelegate.swift */ = {isa = PBXFileReference; lastKnownFileType = sourcecode.swift; path = AppDelegate.swift; sourceTree = "<group>"; };
		12BBDCB11FCD216400669133 /* ViewController.swift */ = {isa = PBXFileReference; lastKnownFileType = sourcecode.swift; path = ViewController.swift; sourceTree = "<group>"; };
		12BBDCB41FCD216400669133 /* Base */ = {isa = PBXFileReference; lastKnownFileType = file.storyboard; name = Base; path = Base.lproj/Main.storyboard; sourceTree = "<group>"; };
		12BBDCB61FCD216400669133 /* Assets.xcassets */ = {isa = PBXFileReference; lastKnownFileType = folder.assetcatalog; path = Assets.xcassets; sourceTree = "<group>"; };
		12BBDCB91FCD216400669133 /* Base */ = {isa = PBXFileReference; lastKnownFileType = file.storyboard; name = Base; path = Base.lproj/LaunchScreen.storyboard; sourceTree = "<group>"; };
		12BBDCBB1FCD216400669133 /* Info.plist */ = {isa = PBXFileReference; lastKnownFileType = text.plist.xml; path = Info.plist; sourceTree = "<group>"; };
		12BBDCC01FCD216400669133 /* SwiftDemoTests.xctest */ = {isa = PBXFileReference; explicitFileType = wrapper.cfbundle; includeInIndex = 0; path = SwiftDemoTests.xctest; sourceTree = BUILT_PRODUCTS_DIR; };
		12BBDCC41FCD216400669133 /* SwiftDemoTests.swift */ = {isa = PBXFileReference; lastKnownFileType = sourcecode.swift; path = SwiftDemoTests.swift; sourceTree = "<group>"; };
		12BBDCC61FCD216400669133 /* Info.plist */ = {isa = PBXFileReference; lastKnownFileType = text.plist.xml; path = Info.plist; sourceTree = "<group>"; };
		12BBDCCB1FCD216400669133 /* SwiftDemoUITests.xctest */ = {isa = PBXFileReference; explicitFileType = wrapper.cfbundle; includeInIndex = 0; path = SwiftDemoUITests.xctest; sourceTree = BUILT_PRODUCTS_DIR; };
		12BBDCCF1FCD216400669133 /* SwiftDemoUITests.swift */ = {isa = PBXFileReference; lastKnownFileType = sourcecode.swift; path = SwiftDemoUITests.swift; sourceTree = "<group>"; };
		12BBDCD11FCD216400669133 /* Info.plist */ = {isa = PBXFileReference; lastKnownFileType = text.plist.xml; path = Info.plist; sourceTree = "<group>"; };
		12BBDCDD1FCD377000669133 /* Untitled.png */ = {isa = PBXFileReference; lastKnownFileType = image.png; path = Untitled.png; sourceTree = "<group>"; };
		3C3145AAD7EA01BE7DAD6774 /* Pods-SwiftDemoUITests.release.xcconfig */ = {isa = PBXFileReference; includeInIndex = 1; lastKnownFileType = text.xcconfig; name = "Pods-SwiftDemoUITests.release.xcconfig"; path = "Pods/Target Support Files/Pods-SwiftDemoUITests/Pods-SwiftDemoUITests.release.xcconfig"; sourceTree = "<group>"; };
		4AC65FF15BE29750D37F0208 /* Pods-SwiftDemoTests.release.xcconfig */ = {isa = PBXFileReference; includeInIndex = 1; lastKnownFileType = text.xcconfig; name = "Pods-SwiftDemoTests.release.xcconfig"; path = "Pods/Target Support Files/Pods-SwiftDemoTests/Pods-SwiftDemoTests.release.xcconfig"; sourceTree = "<group>"; };
		60BA4500ABED531658E29D9C /* Pods-SwiftDemoUITests.debug.xcconfig */ = {isa = PBXFileReference; includeInIndex = 1; lastKnownFileType = text.xcconfig; name = "Pods-SwiftDemoUITests.debug.xcconfig"; path = "Pods/Target Support Files/Pods-SwiftDemoUITests/Pods-SwiftDemoUITests.debug.xcconfig"; sourceTree = "<group>"; };
		79548696835B597BB73ADDC9 /* Pods_SwiftDemoTests.framework */ = {isa = PBXFileReference; explicitFileType = wrapper.framework; includeInIndex = 0; path = Pods_SwiftDemoTests.framework; sourceTree = BUILT_PRODUCTS_DIR; };
		93349AE25BA5304CB37060E6 /* Pods-SwiftDemoTests.debug.xcconfig */ = {isa = PBXFileReference; includeInIndex = 1; lastKnownFileType = text.xcconfig; name = "Pods-SwiftDemoTests.debug.xcconfig"; path = "Pods/Target Support Files/Pods-SwiftDemoTests/Pods-SwiftDemoTests.debug.xcconfig"; sourceTree = "<group>"; };
		B06829CBBF7519FBE8A6327B /* Pods-SwiftDemo.debug.xcconfig */ = {isa = PBXFileReference; includeInIndex = 1; lastKnownFileType = text.xcconfig; name = "Pods-SwiftDemo.debug.xcconfig"; path = "Pods/Target Support Files/Pods-SwiftDemo/Pods-SwiftDemo.debug.xcconfig"; sourceTree = "<group>"; };
		B560732F2E45C234757E0EBD /* Pods_SwiftDemoUITests.framework */ = {isa = PBXFileReference; explicitFileType = wrapper.framework; includeInIndex = 0; path = Pods_SwiftDemoUITests.framework; sourceTree = BUILT_PRODUCTS_DIR; };
		C3B42DDE96F8784AF64A6369 /* Pods-SwiftDemo.release.xcconfig */ = {isa = PBXFileReference; includeInIndex = 1; lastKnownFileType = text.xcconfig; name = "Pods-SwiftDemo.release.xcconfig"; path = "Pods/Target Support Files/Pods-SwiftDemo/Pods-SwiftDemo.release.xcconfig"; sourceTree = "<group>"; };
		D64BEFCFB3F2B6EAF91E12B1 /* Pods_SwiftDemo.framework */ = {isa = PBXFileReference; explicitFileType = wrapper.framework; includeInIndex = 0; path = Pods_SwiftDemo.framework; sourceTree = BUILT_PRODUCTS_DIR; };
/* End PBXFileReference section */

/* Begin PBXFrameworksBuildPhase section */
		12BBDCA91FCD216400669133 /* Frameworks */ = {
			isa = PBXFrameworksBuildPhase;
			buildActionMask = 2147483647;
			files = (
				120F528E1FCD75260026FB05 /* Alamofire.framework in Frameworks */,
				120F528F1FCD75260026FB05 /* SDWebImage.framework in Frameworks */,
				423469E68941C183C5201E93 /* Pods_SwiftDemo.framework in Frameworks */,
			);
			runOnlyForDeploymentPostprocessing = 0;
		};
		12BBDCBD1FCD216400669133 /* Frameworks */ = {
			isa = PBXFrameworksBuildPhase;
			buildActionMask = 2147483647;
			files = (
				339904D3D60390D311483170 /* Pods_SwiftDemoTests.framework in Frameworks */,
			);
			runOnlyForDeploymentPostprocessing = 0;
		};
		12BBDCC81FCD216400669133 /* Frameworks */ = {
			isa = PBXFrameworksBuildPhase;
			buildActionMask = 2147483647;
			files = (
				74E0FB900B47D75C0EA37A9E /* Pods_SwiftDemoUITests.framework in Frameworks */,
			);
			runOnlyForDeploymentPostprocessing = 0;
		};
/* End PBXFrameworksBuildPhase section */

/* Begin PBXGroup section */
		12BBDCA31FCD216400669133 = {
			isa = PBXGroup;
			children = (
				12BBDCAE1FCD216400669133 /* SwiftDemo */,
				12BBDCC31FCD216400669133 /* SwiftDemoTests */,
				12BBDCCE1FCD216400669133 /* SwiftDemoUITests */,
				12BBDCAD1FCD216400669133 /* Products */,
				D8B2D86FE6A1D86F007CAE40 /* Pods */,
				34C376BA0A10EA3660DE534C /* Frameworks */,
			);
			sourceTree = "<group>";
		};
		12BBDCAD1FCD216400669133 /* Products */ = {
			isa = PBXGroup;
			children = (
				12BBDCAC1FCD216400669133 /* SwiftDemo.app */,
				12BBDCC01FCD216400669133 /* SwiftDemoTests.xctest */,
				12BBDCCB1FCD216400669133 /* SwiftDemoUITests.xctest */,
			);
			name = Products;
			sourceTree = "<group>";
		};
		12BBDCAE1FCD216400669133 /* SwiftDemo */ = {
			isa = PBXGroup;
			children = (
				12BBDCDD1FCD377000669133 /* Untitled.png */,
				12BBDCAF1FCD216400669133 /* AppDelegate.swift */,
				12BBDCB11FCD216400669133 /* ViewController.swift */,
				12BBDCB31FCD216400669133 /* Main.storyboard */,
				12BBDCB61FCD216400669133 /* Assets.xcassets */,
				12BBDCB81FCD216400669133 /* LaunchScreen.storyboard */,
				12BBDCBB1FCD216400669133 /* Info.plist */,
			);
			path = SwiftDemo;
			sourceTree = "<group>";
		};
		12BBDCC31FCD216400669133 /* SwiftDemoTests */ = {
			isa = PBXGroup;
			children = (
				12BBDCC41FCD216400669133 /* SwiftDemoTests.swift */,
				12BBDCC61FCD216400669133 /* Info.plist */,
			);
			path = SwiftDemoTests;
			sourceTree = "<group>";
		};
		12BBDCCE1FCD216400669133 /* SwiftDemoUITests */ = {
			isa = PBXGroup;
			children = (
				12BBDCCF1FCD216400669133 /* SwiftDemoUITests.swift */,
				12BBDCD11FCD216400669133 /* Info.plist */,
			);
			path = SwiftDemoUITests;
			sourceTree = "<group>";
		};
		34C376BA0A10EA3660DE534C /* Frameworks */ = {
			isa = PBXGroup;
			children = (
				120F528C1FCD75260026FB05 /* Alamofire.framework */,
				120F528D1FCD75260026FB05 /* SDWebImage.framework */,
				D64BEFCFB3F2B6EAF91E12B1 /* Pods_SwiftDemo.framework */,
				79548696835B597BB73ADDC9 /* Pods_SwiftDemoTests.framework */,
				B560732F2E45C234757E0EBD /* Pods_SwiftDemoUITests.framework */,
			);
			name = Frameworks;
			sourceTree = "<group>";
		};
		D8B2D86FE6A1D86F007CAE40 /* Pods */ = {
			isa = PBXGroup;
			children = (
				B06829CBBF7519FBE8A6327B /* Pods-SwiftDemo.debug.xcconfig */,
				C3B42DDE96F8784AF64A6369 /* Pods-SwiftDemo.release.xcconfig */,
				93349AE25BA5304CB37060E6 /* Pods-SwiftDemoTests.debug.xcconfig */,
				4AC65FF15BE29750D37F0208 /* Pods-SwiftDemoTests.release.xcconfig */,
				60BA4500ABED531658E29D9C /* Pods-SwiftDemoUITests.debug.xcconfig */,
				3C3145AAD7EA01BE7DAD6774 /* Pods-SwiftDemoUITests.release.xcconfig */,
			);
			name = Pods;
			sourceTree = "<group>";
		};
/* End PBXGroup section */

/* Begin PBXNativeTarget section */
		12BBDCAB1FCD216400669133 /* SwiftDemo */ = {
			isa = PBXNativeTarget;
			buildConfigurationList = 12BBDCD41FCD216400669133 /* Build configuration list for PBXNativeTarget "SwiftDemo" */;
			buildPhases = (
				9FAE6D9E29DDE47B3EFADBFC /* [CP] Check Pods Manifest.lock */,
				12BBDCA81FCD216400669133 /* Sources */,
				12BBDCA91FCD216400669133 /* Frameworks */,
				12BBDCAA1FCD216400669133 /* Resources */,
				45C1AF492895B936023605F0 /* [CP] Embed Pods Frameworks */,
				3AC9A9D50D606480C703C901 /* [CP] Copy Pods Resources */,
			);
			buildRules = (
			);
			dependencies = (
			);
			name = SwiftDemo;
			productName = SwiftDemo;
			productReference = 12BBDCAC1FCD216400669133 /* SwiftDemo.app */;
			productType = "com.apple.product-type.application";
		};
		12BBDCBF1FCD216400669133 /* SwiftDemoTests */ = {
			isa = PBXNativeTarget;
			buildConfigurationList = 12BBDCD71FCD216400669133 /* Build configuration list for PBXNativeTarget "SwiftDemoTests" */;
			buildPhases = (
				40114D4050E16F0D5C824133 /* [CP] Check Pods Manifest.lock */,
				12BBDCBC1FCD216400669133 /* Sources */,
				12BBDCBD1FCD216400669133 /* Frameworks */,
				12BBDCBE1FCD216400669133 /* Resources */,
				4A5E018F9E4BE794D28EA8A9 /* [CP] Embed Pods Frameworks */,
				9380643FFF8EA5B0D7402498 /* [CP] Copy Pods Resources */,
			);
			buildRules = (
			);
			dependencies = (
				12BBDCC21FCD216400669133 /* PBXTargetDependency */,
			);
			name = SwiftDemoTests;
			productName = SwiftDemoTests;
			productReference = 12BBDCC01FCD216400669133 /* SwiftDemoTests.xctest */;
			productType = "com.apple.product-type.bundle.unit-test";
		};
		12BBDCCA1FCD216400669133 /* SwiftDemoUITests */ = {
			isa = PBXNativeTarget;
			buildConfigurationList = 12BBDCDA1FCD216400669133 /* Build configuration list for PBXNativeTarget "SwiftDemoUITests" */;
			buildPhases = (
				14F1FB3A823D889F9C7A2168 /* [CP] Check Pods Manifest.lock */,
				12BBDCC71FCD216400669133 /* Sources */,
				12BBDCC81FCD216400669133 /* Frameworks */,
				12BBDCC91FCD216400669133 /* Resources */,
				7939CD14A00D11854519EAB5 /* [CP] Embed Pods Frameworks */,
				6136C6A580AFDE646C51FC24 /* [CP] Copy Pods Resources */,
			);
			buildRules = (
			);
			dependencies = (
				12BBDCCD1FCD216400669133 /* PBXTargetDependency */,
			);
			name = SwiftDemoUITests;
			productName = SwiftDemoUITests;
			productReference = 12BBDCCB1FCD216400669133 /* SwiftDemoUITests.xctest */;
			productType = "com.apple.product-type.bundle.ui-testing";
		};
/* End PBXNativeTarget section */

/* Begin PBXProject section */
		12BBDCA41FCD216400669133 /* Project object */ = {
			isa = PBXProject;
			attributes = {
				LastSwiftUpdateCheck = 0800;
				LastUpgradeCheck = 0800;
				ORGANIZATIONNAME = bhumesh;
				TargetAttributes = {
					12BBDCAB1FCD216400669133 = {
						CreatedOnToolsVersion = 8.0;
						ProvisioningStyle = Automatic;
					};
					12BBDCBF1FCD216400669133 = {
						CreatedOnToolsVersion = 8.0;
						ProvisioningStyle = Automatic;
						TestTargetID = 12BBDCAB1FCD216400669133;
					};
					12BBDCCA1FCD216400669133 = {
						CreatedOnToolsVersion = 8.0;
						ProvisioningStyle = Automatic;
						TestTargetID = 12BBDCAB1FCD216400669133;
					};
				};
			};
			buildConfigurationList = 12BBDCA71FCD216400669133 /* Build configuration list for PBXProject "SwiftDemo" */;
			compatibilityVersion = "Xcode 3.2";
			developmentRegion = English;
			hasScannedForEncodings = 0;
			knownRegions = (
				en,
				Base,
			);
			mainGroup = 12BBDCA31FCD216400669133;
			productRefGroup = 12BBDCAD1FCD216400669133 /* Products */;
			projectDirPath = "";
			projectRoot = "";
			targets = (
				12BBDCAB1FCD216400669133 /* SwiftDemo */,
				12BBDCBF1FCD216400669133 /* SwiftDemoTests */,
				12BBDCCA1FCD216400669133 /* SwiftDemoUITests */,
			);
		};
/* End PBXProject section */

/* Begin PBXResourcesBuildPhase section */
		12BBDCAA1FCD216400669133 /* Resources */ = {
			isa = PBXResourcesBuildPhase;
			buildActionMask = 2147483647;
			files = (
				12BBDCDE1FCD377000669133 /* Untitled.png in Resources */,
				12BBDCBA1FCD216400669133 /* LaunchScreen.storyboard in Resources */,
				12BBDCB71FCD216400669133 /* Assets.xcassets in Resources */,
				12BBDCB51FCD216400669133 /* Main.storyboard in Resources */,
			);
			runOnlyForDeploymentPostprocessing = 0;
		};
		12BBDCBE1FCD216400669133 /* Resources */ = {
			isa = PBXResourcesBuildPhase;
			buildActionMask = 2147483647;
			files = (
			);
			runOnlyForDeploymentPostprocessing = 0;
		};
		12BBDCC91FCD216400669133 /* Resources */ = {
			isa = PBXResourcesBuildPhase;
			buildActionMask = 2147483647;
			files = (
			);
			runOnlyForDeploymentPostprocessing = 0;
		};
/* End PBXResourcesBuildPhase section */

/* Begin PBXShellScriptBuildPhase section */
		14F1FB3A823D889F9C7A2168 /* [CP] Check Pods Manifest.lock */ = {
			isa = PBXShellScriptBuildPhase;
			buildActionMask = 2147483647;
			files = (
			);
			inputPaths = (
			);
			name = "[CP] Check Pods Manifest.lock";
			outputPaths = (
			);
			runOnlyForDeploymentPostprocessing = 0;
			shellPath = /bin/sh;
			shellScript = "diff \"${PODS_ROOT}/../Podfile.lock\" \"${PODS_ROOT}/Manifest.lock\" > /dev/null\nif [ $? != 0 ] ; then\n    # print error to STDERR\n    echo \"error: The sandbox is not in sync with the Podfile.lock. Run 'pod install' or update your CocoaPods installation.\" >&2\n    exit 1\nfi\n";
			showEnvVarsInLog = 0;
		};
		3AC9A9D50D606480C703C901 /* [CP] Copy Pods Resources */ = {
			isa = PBXShellScriptBuildPhase;
			buildActionMask = 2147483647;
			files = (
			);
			inputPaths = (
			);
			name = "[CP] Copy Pods Resources";
			outputPaths = (
			);
			runOnlyForDeploymentPostprocessing = 0;
			shellPath = /bin/sh;
			shellScript = "\"${SRCROOT}/Pods/Target Support Files/Pods-SwiftDemo/Pods-SwiftDemo-resources.sh\"\n";
			showEnvVarsInLog = 0;
		};
		40114D4050E16F0D5C824133 /* [CP] Check Pods Manifest.lock */ = {
			isa = PBXShellScriptBuildPhase;
			buildActionMask = 2147483647;
			files = (
			);
			inputPaths = (
			);
			name = "[CP] Check Pods Manifest.lock";
			outputPaths = (
			);
			runOnlyForDeploymentPostprocessing = 0;
			shellPath = /bin/sh;
			shellScript = "diff \"${PODS_ROOT}/../Podfile.lock\" \"${PODS_ROOT}/Manifest.lock\" > /dev/null\nif [ $? != 0 ] ; then\n    # print error to STDERR\n    echo \"error: The sandbox is not in sync with the Podfile.lock. Run 'pod install' or update your CocoaPods installation.\" >&2\n    exit 1\nfi\n";
			showEnvVarsInLog = 0;
		};
		45C1AF492895B936023605F0 /* [CP] Embed Pods Frameworks */ = {
			isa = PBXShellScriptBuildPhase;
			buildActionMask = 2147483647;
			files = (
			);
			inputPaths = (
			);
			name = "[CP] Embed Pods Frameworks";
			outputPaths = (
			);
			runOnlyForDeploymentPostprocessing = 0;
			shellPath = /bin/sh;
			shellScript = "\"${SRCROOT}/Pods/Target Support Files/Pods-SwiftDemo/Pods-SwiftDemo-frameworks.sh\"\n";
			showEnvVarsInLog = 0;
		};
		4A5E018F9E4BE794D28EA8A9 /* [CP] Embed Pods Frameworks */ = {
			isa = PBXShellScriptBuildPhase;
			buildActionMask = 2147483647;
			files = (
			);
			inputPaths = (
			);
			name = "[CP] Embed Pods Frameworks";
			outputPaths = (
			);
			runOnlyForDeploymentPostprocessing = 0;
			shellPath = /bin/sh;
			shellScript = "\"${SRCROOT}/Pods/Target Support Files/Pods-SwiftDemoTests/Pods-SwiftDemoTests-frameworks.sh\"\n";
			showEnvVarsInLog = 0;
		};
		6136C6A580AFDE646C51FC24 /* [CP] Copy Pods Resources */ = {
			isa = PBXShellScriptBuildPhase;
			buildActionMask = 2147483647;
			files = (
			);
			inputPaths = (
			);
			name = "[CP] Copy Pods Resources";
			outputPaths = (
			);
			runOnlyForDeploymentPostprocessing = 0;
			shellPath = /bin/sh;
			shellScript = "\"${SRCROOT}/Pods/Target Support Files/Pods-SwiftDemoUITests/Pods-SwiftDemoUITests-resources.sh\"\n";
			showEnvVarsInLog = 0;
		};
		7939CD14A00D11854519EAB5 /* [CP] Embed Pods Frameworks */ = {
			isa = PBXShellScriptBuildPhase;
			buildActionMask = 2147483647;
			files = (
			);
			inputPaths = (
			);
			name = "[CP] Embed Pods Frameworks";
			outputPaths = (
			);
			runOnlyForDeploymentPostprocessing = 0;
			shellPath = /bin/sh;
			shellScript = "\"${SRCROOT}/Pods/Target Support Files/Pods-SwiftDemoUITests/Pods-SwiftDemoUITests-frameworks.sh\"\n";
			showEnvVarsInLog = 0;
		};
		9380643FFF8EA5B0D7402498 /* [CP] Copy Pods Resources */ = {
			isa = PBXShellScriptBuildPhase;
			buildActionMask = 2147483647;
			files = (
			);
			inputPaths = (
			);
			name = "[CP] Copy Pods Resources";
			outputPaths = (
			);
			runOnlyForDeploymentPostprocessing = 0;
			shellPath = /bin/sh;
			shellScript = "\"${SRCROOT}/Pods/Target Support Files/Pods-SwiftDemoTests/Pods-SwiftDemoTests-resources.sh\"\n";
			showEnvVarsInLog = 0;
		};
		9FAE6D9E29DDE47B3EFADBFC /* [CP] Check Pods Manifest.lock */ = {
			isa = PBXShellScriptBuildPhase;
			buildActionMask = 2147483647;
			files = (
			);
			inputPaths = (
			);
			name = "[CP] Check Pods Manifest.lock";
			outputPaths = (
			);
			runOnlyForDeploymentPostprocessing = 0;
			shellPath = /bin/sh;
			shellScript = "diff \"${PODS_ROOT}/../Podfile.lock\" \"${PODS_ROOT}/Manifest.lock\" > /dev/null\nif [ $? != 0 ] ; then\n    # print error to STDERR\n    echo \"error: The sandbox is not in sync with the Podfile.lock. Run 'pod install' or update your CocoaPods installation.\" >&2\n    exit 1\nfi\n";
			showEnvVarsInLog = 0;
		};
/* End PBXShellScriptBuildPhase section */

/* Begin PBXSourcesBuildPhase section */
		12BBDCA81FCD216400669133 /* Sources */ = {
			isa = PBXSourcesBuildPhase;
			buildActionMask = 2147483647;
			files = (
				12BBDCB21FCD216400669133 /* ViewController.swift in Sources */,
				12BBDCB01FCD216400669133 /* AppDelegate.swift in Sources */,
			);
			runOnlyForDeploymentPostprocessing = 0;
		};
		12BBDCBC1FCD216400669133 /* Sources */ = {
			isa = PBXSourcesBuildPhase;
			buildActionMask = 2147483647;
			files = (
				12BBDCC51FCD216400669133 /* SwiftDemoTests.swift in Sources */,
			);
			runOnlyForDeploymentPostprocessing = 0;
		};
		12BBDCC71FCD216400669133 /* Sources */ = {
			isa = PBXSourcesBuildPhase;
			buildActionMask = 2147483647;
			files = (
				12BBDCD01FCD216400669133 /* SwiftDemoUITests.swift in Sources */,
			);
			runOnlyForDeploymentPostprocessing = 0;
		};
/* End PBXSourcesBuildPhase section */

/* Begin PBXTargetDependency section */
		12BBDCC21FCD216400669133 /* PBXTargetDependency */ = {
			isa = PBXTargetDependency;
			target = 12BBDCAB1FCD216400669133 /* SwiftDemo */;
			targetProxy = 12BBDCC11FCD216400669133 /* PBXContainerItemProxy */;
		};
		12BBDCCD1FCD216400669133 /* PBXTargetDependency */ = {
			isa = PBXTargetDependency;
			target = 12BBDCAB1FCD216400669133 /* SwiftDemo */;
			targetProxy = 12BBDCCC1FCD216400669133 /* PBXContainerItemProxy */;
		};
/* End PBXTargetDependency section */

/* Begin PBXVariantGroup section */
		12BBDCB31FCD216400669133 /* Main.storyboard */ = {
			isa = PBXVariantGroup;
			children = (
				12BBDCB41FCD216400669133 /* Base */,
			);
			name = Main.storyboard;
			sourceTree = "<group>";
		};
		12BBDCB81FCD216400669133 /* LaunchScreen.storyboard */ = {
			isa = PBXVariantGroup;
			children = (
				12BBDCB91FCD216400669133 /* Base */,
			);
			name = LaunchScreen.storyboard;
			sourceTree = "<group>";
		};
/* End PBXVariantGroup section */

/* Begin XCBuildConfiguration section */
		12BBDCD21FCD216400669133 /* Debug */ = {
			isa = XCBuildConfiguration;
			buildSettings = {
				ALWAYS_SEARCH_USER_PATHS = NO;
				CLANG_ANALYZER_NONNULL = YES;
				CLANG_CXX_LANGUAGE_STANDARD = "gnu++0x";
				CLANG_CXX_LIBRARY = "libc++";
				CLANG_ENABLE_MODULES = YES;
				CLANG_ENABLE_OBJC_ARC = YES;
				CLANG_WARN_BOOL_CONVERSION = YES;
				CLANG_WARN_CONSTANT_CONVERSION = YES;
				CLANG_WARN_DIRECT_OBJC_ISA_USAGE = YES_ERROR;
				CLANG_WARN_DOCUMENTATION_COMMENTS = YES;
				CLANG_WARN_EMPTY_BODY = YES;
				CLANG_WARN_ENUM_CONVERSION = YES;
				CLANG_WARN_INFINITE_RECURSION = YES;
				CLANG_WARN_INT_CONVERSION = YES;
				CLANG_WARN_OBJC_ROOT_CLASS = YES_ERROR;
				CLANG_WARN_SUSPICIOUS_MOVES = YES;
				CLANG_WARN_UNREACHABLE_CODE = YES;
				CLANG_WARN__DUPLICATE_METHOD_MATCH = YES;
				"CODE_SIGN_IDENTITY[sdk=iphoneos*]" = "iPhone Developer";
				COPY_PHASE_STRIP = NO;
				DEBUG_INFORMATION_FORMAT = dwarf;
				ENABLE_STRICT_OBJC_MSGSEND = YES;
				ENABLE_TESTABILITY = YES;
				GCC_C_LANGUAGE_STANDARD = gnu99;
				GCC_DYNAMIC_NO_PIC = NO;
				GCC_NO_COMMON_BLOCKS = YES;
				GCC_OPTIMIZATION_LEVEL = 0;
				GCC_PREPROCESSOR_DEFINITIONS = (
					"DEBUG=1",
					"$(inherited)",
				);
				GCC_WARN_64_TO_32_BIT_CONVERSION = YES;
				GCC_WARN_ABOUT_RETURN_TYPE = YES_ERROR;
				GCC_WARN_UNDECLARED_SELECTOR = YES;
				GCC_WARN_UNINITIALIZED_AUTOS = YES_AGGRESSIVE;
				GCC_WARN_UNUSED_FUNCTION = YES;
				GCC_WARN_UNUSED_VARIABLE = YES;
				IPHONEOS_DEPLOYMENT_TARGET = 10.0;
				MTL_ENABLE_DEBUG_INFO = YES;
				ONLY_ACTIVE_ARCH = YES;
				SDKROOT = iphoneos;
				SWIFT_ACTIVE_COMPILATION_CONDITIONS = DEBUG;
				SWIFT_OPTIMIZATION_LEVEL = "-Onone";
			};
			name = Debug;
		};
		12BBDCD31FCD216400669133 /* Release */ = {
			isa = XCBuildConfiguration;
			buildSettings = {
				ALWAYS_SEARCH_USER_PATHS = NO;
				CLANG_ANALYZER_NONNULL = YES;
				CLANG_CXX_LANGUAGE_STANDARD = "gnu++0x";
				CLANG_CXX_LIBRARY = "libc++";
				CLANG_ENABLE_MODULES = YES;
				CLANG_ENABLE_OBJC_ARC = YES;
				CLANG_WARN_BOOL_CONVERSION = YES;
				CLANG_WARN_CONSTANT_CONVERSION = YES;
				CLANG_WARN_DIRECT_OBJC_ISA_USAGE = YES_ERROR;
				CLANG_WARN_DOCUMENTATION_COMMENTS = YES;
				CLANG_WARN_EMPTY_BODY = YES;
				CLANG_WARN_ENUM_CONVERSION = YES;
				CLANG_WARN_INFINITE_RECURSION = YES;
				CLANG_WARN_INT_CONVERSION = YES;
				CLANG_WARN_OBJC_ROOT_CLASS = YES_ERROR;
				CLANG_WARN_SUSPICIOUS_MOVES = YES;
				CLANG_WARN_UNREACHABLE_CODE = YES;
				CLANG_WARN__DUPLICATE_METHOD_MATCH = YES;
				"CODE_SIGN_IDENTITY[sdk=iphoneos*]" = "iPhone Developer";
				COPY_PHASE_STRIP = NO;
				DEBUG_INFORMATION_FORMAT = "dwarf-with-dsym";
				ENABLE_NS_ASSERTIONS = NO;
				ENABLE_STRICT_OBJC_MSGSEND = YES;
				GCC_C_LANGUAGE_STANDARD = gnu99;
				GCC_NO_COMMON_BLOCKS = YES;
				GCC_WARN_64_TO_32_BIT_CONVERSION = YES;
				GCC_WARN_ABOUT_RETURN_TYPE = YES_ERROR;
				GCC_WARN_UNDECLARED_SELECTOR = YES;
				GCC_WARN_UNINITIALIZED_AUTOS = YES_AGGRESSIVE;
				GCC_WARN_UNUSED_FUNCTION = YES;
				GCC_WARN_UNUSED_VARIABLE = YES;
				IPHONEOS_DEPLOYMENT_TARGET = 10.0;
				MTL_ENABLE_DEBUG_INFO = NO;
				SDKROOT = iphoneos;
				SWIFT_OPTIMIZATION_LEVEL = "-Owholemodule";
				VALIDATE_PRODUCT = YES;
			};
			name = Release;
		};
		12BBDCD51FCD216400669133 /* Debug */ = {
			isa = XCBuildConfiguration;
			baseConfigurationReference = B06829CBBF7519FBE8A6327B /* Pods-SwiftDemo.debug.xcconfig */;
			buildSettings = {
				ASSETCATALOG_COMPILER_APPICON_NAME = AppIcon;
				FRAMEWORK_SEARCH_PATHS = (
					"$(inherited)",
					"$(PROJECT_DIR)/build/Debug-iphoneos/SDWebImage",
				);
				INFOPLIST_FILE = SwiftDemo/Info.plist;
				LD_RUNPATH_SEARCH_PATHS = "$(inherited) @executable_path/Frameworks";
				PRODUCT_BUNDLE_IDENTIFIER = com.zaptechsolutions.SwiftDemo;
				PRODUCT_NAME = "$(TARGET_NAME)";
				SWIFT_VERSION = 3.0;
			};
			name = Debug;
		};
		12BBDCD61FCD216400669133 /* Release */ = {
			isa = XCBuildConfiguration;
			baseConfigurationReference = C3B42DDE96F8784AF64A6369 /* Pods-SwiftDemo.release.xcconfig */;
			buildSettings = {
				ASSETCATALOG_COMPILER_APPICON_NAME = AppIcon;
				FRAMEWORK_SEARCH_PATHS = (
					"$(inherited)",
					"$(PROJECT_DIR)/build/Debug-iphoneos/SDWebImage",
				);
				INFOPLIST_FILE = SwiftDemo/Info.plist;
				LD_RUNPATH_SEARCH_PATHS = "$(inherited) @executable_path/Frameworks";
				PRODUCT_BUNDLE_IDENTIFIER = com.zaptechsolutions.SwiftDemo;
				PRODUCT_NAME = "$(TARGET_NAME)";
				SWIFT_VERSION = 3.0;
			};
			name = Release;
		};
		12BBDCD81FCD216400669133 /* Debug */ = {
			isa = XCBuildConfiguration;
			baseConfigurationReference = 93349AE25BA5304CB37060E6 /* Pods-SwiftDemoTests.debug.xcconfig */;
			buildSettings = {
				ALWAYS_EMBED_SWIFT_STANDARD_LIBRARIES = YES;
				BUNDLE_LOADER = "$(TEST_HOST)";
				INFOPLIST_FILE = SwiftDemoTests/Info.plist;
				LD_RUNPATH_SEARCH_PATHS = "$(inherited) @executable_path/Frameworks @loader_path/Frameworks";
				PRODUCT_BUNDLE_IDENTIFIER = com.zaptechsolutions.SwiftDemoTests;
				PRODUCT_NAME = "$(TARGET_NAME)";
				SWIFT_VERSION = 3.0;
				TEST_HOST = "$(BUILT_PRODUCTS_DIR)/SwiftDemo.app/SwiftDemo";
			};
			name = Debug;
		};
		12BBDCD91FCD216400669133 /* Release */ = {
			isa = XCBuildConfiguration;
			baseConfigurationReference = 4AC65FF15BE29750D37F0208 /* Pods-SwiftDemoTests.release.xcconfig */;
			buildSettings = {
				ALWAYS_EMBED_SWIFT_STANDARD_LIBRARIES = YES;
				BUNDLE_LOADER = "$(TEST_HOST)";
				INFOPLIST_FILE = SwiftDemoTests/Info.plist;
				LD_RUNPATH_SEARCH_PATHS = "$(inherited) @executable_path/Frameworks @loader_path/Frameworks";
				PRODUCT_BUNDLE_IDENTIFIER = com.zaptechsolutions.SwiftDemoTests;
				PRODUCT_NAME = "$(TARGET_NAME)";
				SWIFT_VERSION = 3.0;
				TEST_HOST = "$(BUILT_PRODUCTS_DIR)/SwiftDemo.app/SwiftDemo";
			};
			name = Release;
		};
		12BBDCDB1FCD216400669133 /* Debug */ = {
			isa = XCBuildConfiguration;
			baseConfigurationReference = 60BA4500ABED531658E29D9C /* Pods-SwiftDemoUITests.debug.xcconfig */;
			buildSettings = {
				ALWAYS_EMBED_SWIFT_STANDARD_LIBRARIES = YES;
				INFOPLIST_FILE = SwiftDemoUITests/Info.plist;
				LD_RUNPATH_SEARCH_PATHS = "$(inherited) @executable_path/Frameworks @loader_path/Frameworks";
				PRODUCT_BUNDLE_IDENTIFIER = com.zaptechsolutions.SwiftDemoUITests;
				PRODUCT_NAME = "$(TARGET_NAME)";
				SWIFT_VERSION = 3.0;
				TEST_TARGET_NAME = SwiftDemo;
			};
			name = Debug;
		};
		12BBDCDC1FCD216400669133 /* Release */ = {
			isa = XCBuildConfiguration;
			baseConfigurationReference = 3C3145AAD7EA01BE7DAD6774 /* Pods-SwiftDemoUITests.release.xcconfig */;
			buildSettings = {
				ALWAYS_EMBED_SWIFT_STANDARD_LIBRARIES = YES;
				INFOPLIST_FILE = SwiftDemoUITests/Info.plist;
				LD_RUNPATH_SEARCH_PATHS = "$(inherited) @executable_path/Frameworks @loader_path/Frameworks";
				PRODUCT_BUNDLE_IDENTIFIER = com.zaptechsolutions.SwiftDemoUITests;
				PRODUCT_NAME = "$(TARGET_NAME)";
				SWIFT_VERSION = 3.0;
				TEST_TARGET_NAME = SwiftDemo;
			};
			name = Release;
		};
/* End XCBuildConfiguration section */

/* Begin XCConfigurationList section */
		12BBDCA71FCD216400669133 /* Build configuration list for PBXProject "SwiftDemo" */ = {
			isa = XCConfigurationList;
			buildConfigurations = (
				12BBDCD21FCD216400669133 /* Debug */,
				12BBDCD31FCD216400669133 /* Release */,
			);
			defaultConfigurationIsVisible = 0;
			defaultConfigurationName = Release;
		};
		12BBDCD41FCD216400669133 /* Build configuration list for PBXNativeTarget "SwiftDemo" */ = {
			isa = XCConfigurationList;
			buildConfigurations = (
				12BBDCD51FCD216400669133 /* Debug */,
				12BBDCD61FCD216400669133 /* Release */,
			);
			defaultConfigurationIsVisible = 0;
			defaultConfigurationName = Release;
		};
		12BBDCD71FCD216400669133 /* Build configuration list for PBXNativeTarget "SwiftDemoTests" */ = {
			isa = XCConfigurationList;
			buildConfigurations = (
				12BBDCD81FCD216400669133 /* Debug */,
				12BBDCD91FCD216400669133 /* Release */,
			);
			defaultConfigurationIsVisible = 0;
			defaultConfigurationName = Release;
		};
		12BBDCDA1FCD216400669133 /* Build configuration list for PBXNativeTarget "SwiftDemoUITests" */ = {
			isa = XCConfigurationList;
			buildConfigurations = (
				12BBDCDB1FCD216400669133 /* Debug */,
				12BBDCDC1FCD216400669133 /* Release */,
			);
			defaultConfigurationIsVisible = 0;
			defaultConfigurationName = Release;
		};
/* End XCConfigurationList section */
	};
	rootObject = 12BBDCA41FCD216400669133 /* Project object */;
}
